// !$*UTF8*$!
{
	archiveVersion = 1;
	classes = {
	};
	objectVersion = 56;
	objects = {

/* Begin PBXBuildFile section */
		FE1F67A029D0941A0039776B /* SignupView.swift in Sources */ = {isa = PBXBuildFile; fileRef = FE1F679F29D0941A0039776B /* SignupView.swift */; };
		FE1F67A529D097700039776B /* DefaultNavigationModifier.swift in Sources */ = {isa = PBXBuildFile; fileRef = FE1F67A429D097700039776B /* DefaultNavigationModifier.swift */; };
		FE65FD052A1593750092E450 /* SignupModel.swift in Sources */ = {isa = PBXBuildFile; fileRef = FE65FD042A1593750092E450 /* SignupModel.swift */; };
		FE7BDFB5298F90E00058A358 /* TeamPlanApp.swift in Sources */ = {isa = PBXBuildFile; fileRef = FE7BDFB4298F90E00058A358 /* TeamPlanApp.swift */; };
		FE7BDFB7298F90E00058A358 /* ContentView.swift in Sources */ = {isa = PBXBuildFile; fileRef = FE7BDFB6298F90E00058A358 /* ContentView.swift */; };
		FE7BDFB9298F90E10058A358 /* Assets.xcassets in Resources */ = {isa = PBXBuildFile; fileRef = FE7BDFB8298F90E10058A358 /* Assets.xcassets */; };
		FE7BDFBC298F90E10058A358 /* Preview Assets.xcassets in Resources */ = {isa = PBXBuildFile; fileRef = FE7BDFBB298F90E10058A358 /* Preview Assets.xcassets */; };
		FE7BDFC3298F985D0058A358 /* LaunchScreen.storyboard in Resources */ = {isa = PBXBuildFile; fileRef = FE7BDFC2298F985D0058A358 /* LaunchScreen.storyboard */; };
		FE7BDFC5298F99810058A358 /* LaunchScreenView.swift in Sources */ = {isa = PBXBuildFile; fileRef = FE7BDFC4298F99810058A358 /* LaunchScreenView.swift */; };
		FE7BDFC7298F99ED0058A358 /* OnboardingView.swift in Sources */ = {isa = PBXBuildFile; fileRef = FE7BDFC6298F99ED0058A358 /* OnboardingView.swift */; };
		FE7BDFCB298FA3050058A358 /* AppDelegate.swift in Sources */ = {isa = PBXBuildFile; fileRef = FE7BDFCA298FA3050058A358 /* AppDelegate.swift */; };
		FEB5742F29B4574500001CC9 /* Color+Extension.swift in Sources */ = {isa = PBXBuildFile; fileRef = FEB5742E29B4574500001CC9 /* Color+Extension.swift */; };
		FEB5743129B4575E00001CC9 /* Font+Extension.swift in Sources */ = {isa = PBXBuildFile; fileRef = FEB5743029B4575E00001CC9 /* Font+Extension.swift */; };
		FEB5743629B4583300001CC9 /* LoginView.swift in Sources */ = {isa = PBXBuildFile; fileRef = FEB5743529B4583300001CC9 /* LoginView.swift */; };
		FEB5743829B4585300001CC9 /* SplashView.swift in Sources */ = {isa = PBXBuildFile; fileRef = FEB5743729B4585300001CC9 /* SplashView.swift */; };
		FEB5743A29B4586500001CC9 /* IntroView.swift in Sources */ = {isa = PBXBuildFile; fileRef = FEB5743929B4586500001CC9 /* IntroView.swift */; };
		FEB9D08629DDCEA700504B34 /* WrappingHStack in Frameworks */ = {isa = PBXBuildFile; productRef = FEB9D08529DDCEA700504B34 /* WrappingHStack */; };
		FEDA9CF229B496A600BD7924 /* TermsView.swift in Sources */ = {isa = PBXBuildFile; fileRef = FEDA9CF129B496A600BD7924 /* TermsView.swift */; };
		FEDA9CF729B49FCF00BD7924 /* TermsDetailView.swift in Sources */ = {isa = PBXBuildFile; fileRef = FEDA9CF629B49FCF00BD7924 /* TermsDetailView.swift */; };
		FEDA9CFA29B4BE1D00BD7924 /* TermsModel.swift in Sources */ = {isa = PBXBuildFile; fileRef = FEDA9CF929B4BE1D00BD7924 /* TermsModel.swift */; };
		FEDA9CFD29B4C4EF00BD7924 /* TermsViewModel.swift in Sources */ = {isa = PBXBuildFile; fileRef = FEDA9CFC29B4C4EF00BD7924 /* TermsViewModel.swift */; };
		FEDA9D0029B4C51600BD7924 /* TermsDataService.swift in Sources */ = {isa = PBXBuildFile; fileRef = FEDA9CFF29B4C51600BD7924 /* TermsDataService.swift */; };
		FEDA9D0229B4C7AB00BD7924 /* PreviewProvider.swift in Sources */ = {isa = PBXBuildFile; fileRef = FEDA9D0129B4C7AB00BD7924 /* PreviewProvider.swift */; };
/* End PBXBuildFile section */

/* Begin PBXFileReference section */
		FE1F679F29D0941A0039776B /* SignupView.swift */ = {isa = PBXFileReference; lastKnownFileType = sourcecode.swift; path = SignupView.swift; sourceTree = "<group>"; };
		FE1F67A429D097700039776B /* DefaultNavigationModifier.swift */ = {isa = PBXFileReference; lastKnownFileType = sourcecode.swift; path = DefaultNavigationModifier.swift; sourceTree = "<group>"; };
		FE65FD042A1593750092E450 /* SignupModel.swift */ = {isa = PBXFileReference; lastKnownFileType = sourcecode.swift; path = SignupModel.swift; sourceTree = "<group>"; };
		FE7BDFB1298F90E00058A358 /* TeamPlan.app */ = {isa = PBXFileReference; explicitFileType = wrapper.application; includeInIndex = 0; path = TeamPlan.app; sourceTree = BUILT_PRODUCTS_DIR; };
		FE7BDFB4298F90E00058A358 /* TeamPlanApp.swift */ = {isa = PBXFileReference; lastKnownFileType = sourcecode.swift; path = TeamPlanApp.swift; sourceTree = "<group>"; };
		FE7BDFB6298F90E00058A358 /* ContentView.swift */ = {isa = PBXFileReference; lastKnownFileType = sourcecode.swift; path = ContentView.swift; sourceTree = "<group>"; };
		FE7BDFB8298F90E10058A358 /* Assets.xcassets */ = {isa = PBXFileReference; lastKnownFileType = folder.assetcatalog; path = Assets.xcassets; sourceTree = "<group>"; };
		FE7BDFBB298F90E10058A358 /* Preview Assets.xcassets */ = {isa = PBXFileReference; lastKnownFileType = folder.assetcatalog; path = "Preview Assets.xcassets"; sourceTree = "<group>"; };
		FE7BDFC2298F985D0058A358 /* LaunchScreen.storyboard */ = {isa = PBXFileReference; lastKnownFileType = file.storyboard; path = LaunchScreen.storyboard; sourceTree = "<group>"; };
		FE7BDFC4298F99810058A358 /* LaunchScreenView.swift */ = {isa = PBXFileReference; lastKnownFileType = sourcecode.swift; path = LaunchScreenView.swift; sourceTree = "<group>"; };
		FE7BDFC6298F99ED0058A358 /* OnboardingView.swift */ = {isa = PBXFileReference; lastKnownFileType = sourcecode.swift; path = OnboardingView.swift; sourceTree = "<group>"; };
		FE7BDFCA298FA3050058A358 /* AppDelegate.swift */ = {isa = PBXFileReference; lastKnownFileType = sourcecode.swift; path = AppDelegate.swift; sourceTree = "<group>"; };
		FEB5742E29B4574500001CC9 /* Color+Extension.swift */ = {isa = PBXFileReference; lastKnownFileType = sourcecode.swift; path = "Color+Extension.swift"; sourceTree = "<group>"; };
		FEB5743029B4575E00001CC9 /* Font+Extension.swift */ = {isa = PBXFileReference; lastKnownFileType = sourcecode.swift; path = "Font+Extension.swift"; sourceTree = "<group>"; };
		FEB5743529B4583300001CC9 /* LoginView.swift */ = {isa = PBXFileReference; lastKnownFileType = sourcecode.swift; path = LoginView.swift; sourceTree = "<group>"; };
		FEB5743729B4585300001CC9 /* SplashView.swift */ = {isa = PBXFileReference; lastKnownFileType = sourcecode.swift; path = SplashView.swift; sourceTree = "<group>"; };
		FEB5743929B4586500001CC9 /* IntroView.swift */ = {isa = PBXFileReference; lastKnownFileType = sourcecode.swift; path = IntroView.swift; sourceTree = "<group>"; };
		FEDA9CF129B496A600BD7924 /* TermsView.swift */ = {isa = PBXFileReference; lastKnownFileType = sourcecode.swift; path = TermsView.swift; sourceTree = "<group>"; };
		FEDA9CF629B49FCF00BD7924 /* TermsDetailView.swift */ = {isa = PBXFileReference; lastKnownFileType = sourcecode.swift; path = TermsDetailView.swift; sourceTree = "<group>"; };
		FEDA9CF929B4BE1D00BD7924 /* TermsModel.swift */ = {isa = PBXFileReference; lastKnownFileType = sourcecode.swift; path = TermsModel.swift; sourceTree = "<group>"; };
		FEDA9CFC29B4C4EF00BD7924 /* TermsViewModel.swift */ = {isa = PBXFileReference; lastKnownFileType = sourcecode.swift; path = TermsViewModel.swift; sourceTree = "<group>"; };
		FEDA9CFF29B4C51600BD7924 /* TermsDataService.swift */ = {isa = PBXFileReference; lastKnownFileType = sourcecode.swift; path = TermsDataService.swift; sourceTree = "<group>"; };
		FEDA9D0129B4C7AB00BD7924 /* PreviewProvider.swift */ = {isa = PBXFileReference; lastKnownFileType = sourcecode.swift; path = PreviewProvider.swift; sourceTree = "<group>"; };
/* End PBXFileReference section */

/* Begin PBXFrameworksBuildPhase section */
		FE7BDFAE298F90E00058A358 /* Frameworks */ = {
			isa = PBXFrameworksBuildPhase;
			buildActionMask = 2147483647;
			files = (
				FEB9D08629DDCEA700504B34 /* WrappingHStack in Frameworks */,
			);
			runOnlyForDeploymentPostprocessing = 0;
		};
/* End PBXFrameworksBuildPhase section */

/* Begin PBXGroup section */
		FE1F679E29D094050039776B /* Signup */ = {
			isa = PBXGroup;
			children = (
				FE1F679F29D0941A0039776B /* SignupView.swift */,
				FE65FD042A1593750092E450 /* SignupModel.swift */,
			);
			path = Signup;
			sourceTree = "<group>";
		};
		FE1F67A129D0973F0039776B /* Modifiers */ = {
			isa = PBXGroup;
			children = (
				FE1F67A429D097700039776B /* DefaultNavigationModifier.swift */,
			);
			path = Modifiers;
			sourceTree = "<group>";
		};
		FE7BDFA8298F90E00058A358 = {
			isa = PBXGroup;
			children = (
				FE7BDFB3298F90E00058A358 /* TeamPlan */,
				FE7BDFB2298F90E00058A358 /* Products */,
			);
			sourceTree = "<group>";
		};
		FE7BDFB2298F90E00058A358 /* Products */ = {
			isa = PBXGroup;
			children = (
				FE7BDFB1298F90E00058A358 /* TeamPlan.app */,
			);
			name = Products;
			sourceTree = "<group>";
		};
		FE7BDFB3298F90E00058A358 /* TeamPlan */ = {
			isa = PBXGroup;
			children = (
				FEDA9CFE29B4C50A00BD7924 /* Service */,
				FEDA9CF829B49FFA00BD7924 /* Models */,
				FEB5742B29B4570400001CC9 /* Core */,
				FEB5742D29B4573500001CC9 /* Extensions */,
				FEB5742C29B4570B00001CC9 /* Project */,
				FE7BDFC9298FA2FC0058A358 /* Utilities */,
				FE7BDFB6298F90E00058A358 /* ContentView.swift */,
				FE7BDFBA298F90E10058A358 /* Preview Content */,
			);
			path = TeamPlan;
			sourceTree = "<group>";
		};
		FE7BDFBA298F90E10058A358 /* Preview Content */ = {
			isa = PBXGroup;
			children = (
				FE7BDFBB298F90E10058A358 /* Preview Assets.xcassets */,
			);
			path = "Preview Content";
			sourceTree = "<group>";
		};
		FE7BDFC8298F9C940058A358 /* Launch */ = {
			isa = PBXGroup;
			children = (
				FE7BDFC4298F99810058A358 /* LaunchScreenView.swift */,
				FE7BDFC2298F985D0058A358 /* LaunchScreen.storyboard */,
			);
			path = Launch;
			sourceTree = "<group>";
		};
		FE7BDFC9298FA2FC0058A358 /* Utilities */ = {
			isa = PBXGroup;
			children = (
			);
			path = Utilities;
			sourceTree = "<group>";
		};
		FEB5742B29B4570400001CC9 /* Core */ = {
			isa = PBXGroup;
			children = (
				FE1F679E29D094050039776B /* Signup */,
				FEDA9CF329B49A6C00BD7924 /* Components */,
				FEB5743429B4579800001CC9 /* Splash */,
				FEDA9CEE29B491E000BD7924 /* Terms */,
				FEB5743329B4579100001CC9 /* Login */,
				FEB5743229B4578600001CC9 /* Onboarding */,
				FE7BDFC8298F9C940058A358 /* Launch */,
			);
			path = Core;
			sourceTree = "<group>";
		};
		FEB5742C29B4570B00001CC9 /* Project */ = {
			isa = PBXGroup;
			children = (
				FE7BDFB8298F90E10058A358 /* Assets.xcassets */,
				FE7BDFB4298F90E00058A358 /* TeamPlanApp.swift */,
				FE7BDFCA298FA3050058A358 /* AppDelegate.swift */,
			);
			path = Project;
			sourceTree = "<group>";
		};
		FEB5742D29B4573500001CC9 /* Extensions */ = {
			isa = PBXGroup;
			children = (
				FE1F67A129D0973F0039776B /* Modifiers */,
				FEB5742E29B4574500001CC9 /* Color+Extension.swift */,
				FEB5743029B4575E00001CC9 /* Font+Extension.swift */,
				FEDA9D0129B4C7AB00BD7924 /* PreviewProvider.swift */,
			);
			path = Extensions;
			sourceTree = "<group>";
		};
		FEB5743229B4578600001CC9 /* Onboarding */ = {
			isa = PBXGroup;
			children = (
				FE7BDFC6298F99ED0058A358 /* OnboardingView.swift */,
				FEB5743929B4586500001CC9 /* IntroView.swift */,
			);
			path = Onboarding;
			sourceTree = "<group>";
		};
		FEB5743329B4579100001CC9 /* Login */ = {
			isa = PBXGroup;
			children = (
				FEB5743529B4583300001CC9 /* LoginView.swift */,
			);
			path = Login;
			sourceTree = "<group>";
		};
		FEB5743429B4579800001CC9 /* Splash */ = {
			isa = PBXGroup;
			children = (
				FEB5743729B4585300001CC9 /* SplashView.swift */,
			);
			path = Splash;
			sourceTree = "<group>";
		};
		FEDA9CEE29B491E000BD7924 /* Terms */ = {
			isa = PBXGroup;
			children = (
				FEDA9CF129B496A600BD7924 /* TermsView.swift */,
				FEDA9CFC29B4C4EF00BD7924 /* TermsViewModel.swift */,
			);
			path = Terms;
			sourceTree = "<group>";
		};
		FEDA9CF329B49A6C00BD7924 /* Components */ = {
			isa = PBXGroup;
			children = (
				FEDA9CF629B49FCF00BD7924 /* TermsDetailView.swift */,
			);
			path = Components;
			sourceTree = "<group>";
		};
		FEDA9CF829B49FFA00BD7924 /* Models */ = {
			isa = PBXGroup;
			children = (
				FEDA9CF929B4BE1D00BD7924 /* TermsModel.swift */,
			);
			path = Models;
			sourceTree = "<group>";
		};
		FEDA9CFE29B4C50A00BD7924 /* Service */ = {
			isa = PBXGroup;
			children = (
				FEDA9CFF29B4C51600BD7924 /* TermsDataService.swift */,
			);
			path = Service;
			sourceTree = "<group>";
		};
/* End PBXGroup section */

/* Begin PBXNativeTarget section */
		FE7BDFB0298F90E00058A358 /* TeamPlan */ = {
			isa = PBXNativeTarget;
			buildConfigurationList = FE7BDFBF298F90E10058A358 /* Build configuration list for PBXNativeTarget "TeamPlan" */;
			buildPhases = (
				FE7BDFAD298F90E00058A358 /* Sources */,
				FE7BDFAE298F90E00058A358 /* Frameworks */,
				FE7BDFAF298F90E00058A358 /* Resources */,
			);
			buildRules = (
			);
			dependencies = (
			);
			name = TeamPlan;
			packageProductDependencies = (
				FEB9D08529DDCEA700504B34 /* WrappingHStack */,
			);
			productName = TeamPlan;
			productReference = FE7BDFB1298F90E00058A358 /* TeamPlan.app */;
			productType = "com.apple.product-type.application";
		};
/* End PBXNativeTarget section */

/* Begin PBXProject section */
		FE7BDFA9298F90E00058A358 /* Project object */ = {
			isa = PBXProject;
			attributes = {
				BuildIndependentTargetsInParallel = 1;
				LastSwiftUpdateCheck = 1400;
				LastUpgradeCheck = 1400;
				TargetAttributes = {
					FE7BDFB0298F90E00058A358 = {
						CreatedOnToolsVersion = 14.0.1;
					};
				};
			};
			buildConfigurationList = FE7BDFAC298F90E00058A358 /* Build configuration list for PBXProject "TeamPlan" */;
			compatibilityVersion = "Xcode 14.0";
			developmentRegion = en;
			hasScannedForEncodings = 0;
			knownRegions = (
				en,
				Base,
			);
			mainGroup = FE7BDFA8298F90E00058A358;
			packageReferences = (
				FEB9D08429DDCEA700504B34 /* XCRemoteSwiftPackageReference "WrappingHStack" */,
			);
			productRefGroup = FE7BDFB2298F90E00058A358 /* Products */;
			projectDirPath = "";
			projectRoot = "";
			targets = (
				FE7BDFB0298F90E00058A358 /* TeamPlan */,
			);
		};
/* End PBXProject section */

/* Begin PBXResourcesBuildPhase section */
		FE7BDFAF298F90E00058A358 /* Resources */ = {
			isa = PBXResourcesBuildPhase;
			buildActionMask = 2147483647;
			files = (
				FE7BDFC3298F985D0058A358 /* LaunchScreen.storyboard in Resources */,
				FE7BDFBC298F90E10058A358 /* Preview Assets.xcassets in Resources */,
				FE7BDFB9298F90E10058A358 /* Assets.xcassets in Resources */,
			);
			runOnlyForDeploymentPostprocessing = 0;
		};
/* End PBXResourcesBuildPhase section */

/* Begin PBXSourcesBuildPhase section */
		FE7BDFAD298F90E00058A358 /* Sources */ = {
			isa = PBXSourcesBuildPhase;
			buildActionMask = 2147483647;
			files = (
				FE7BDFB7298F90E00058A358 /* ContentView.swift in Sources */,
				FEDA9CF729B49FCF00BD7924 /* TermsDetailView.swift in Sources */,
				FEB5742F29B4574500001CC9 /* Color+Extension.swift in Sources */,
				FE65FD052A1593750092E450 /* SignupModel.swift in Sources */,
				FE7BDFC7298F99ED0058A358 /* OnboardingView.swift in Sources */,
				FE7BDFB5298F90E00058A358 /* TeamPlanApp.swift in Sources */,
				FE1F67A029D0941A0039776B /* SignupView.swift in Sources */,
				FE7BDFCB298FA3050058A358 /* AppDelegate.swift in Sources */,
				FEB5743129B4575E00001CC9 /* Font+Extension.swift in Sources */,
				FEB5743629B4583300001CC9 /* LoginView.swift in Sources */,
				FEDA9CFA29B4BE1D00BD7924 /* TermsModel.swift in Sources */,
				FEB5743A29B4586500001CC9 /* IntroView.swift in Sources */,
				FE7BDFC5298F99810058A358 /* LaunchScreenView.swift in Sources */,
				FEB5743829B4585300001CC9 /* SplashView.swift in Sources */,
				FEDA9CFD29B4C4EF00BD7924 /* TermsViewModel.swift in Sources */,
				FEDA9D0229B4C7AB00BD7924 /* PreviewProvider.swift in Sources */,
				FEDA9D0029B4C51600BD7924 /* TermsDataService.swift in Sources */,
				FE1F67A529D097700039776B /* DefaultNavigationModifier.swift in Sources */,
				FEDA9CF229B496A600BD7924 /* TermsView.swift in Sources */,
			);
			runOnlyForDeploymentPostprocessing = 0;
		};
/* End PBXSourcesBuildPhase section */

/* Begin XCBuildConfiguration section */
		FE7BDFBD298F90E10058A358 /* Debug */ = {
			isa = XCBuildConfiguration;
			buildSettings = {
				ALWAYS_SEARCH_USER_PATHS = NO;
				CLANG_ANALYZER_NONNULL = YES;
				CLANG_ANALYZER_NUMBER_OBJECT_CONVERSION = YES_AGGRESSIVE;
				CLANG_CXX_LANGUAGE_STANDARD = "gnu++20";
				CLANG_ENABLE_MODULES = YES;
				CLANG_ENABLE_OBJC_ARC = YES;
				CLANG_ENABLE_OBJC_WEAK = YES;
				CLANG_WARN_BLOCK_CAPTURE_AUTORELEASING = YES;
				CLANG_WARN_BOOL_CONVERSION = YES;
				CLANG_WARN_COMMA = YES;
				CLANG_WARN_CONSTANT_CONVERSION = YES;
				CLANG_WARN_DEPRECATED_OBJC_IMPLEMENTATIONS = YES;
				CLANG_WARN_DIRECT_OBJC_ISA_USAGE = YES_ERROR;
				CLANG_WARN_DOCUMENTATION_COMMENTS = YES;
				CLANG_WARN_EMPTY_BODY = YES;
				CLANG_WARN_ENUM_CONVERSION = YES;
				CLANG_WARN_INFINITE_RECURSION = YES;
				CLANG_WARN_INT_CONVERSION = YES;
				CLANG_WARN_NON_LITERAL_NULL_CONVERSION = YES;
				CLANG_WARN_OBJC_IMPLICIT_RETAIN_SELF = YES;
				CLANG_WARN_OBJC_LITERAL_CONVERSION = YES;
				CLANG_WARN_OBJC_ROOT_CLASS = YES_ERROR;
				CLANG_WARN_QUOTED_INCLUDE_IN_FRAMEWORK_HEADER = YES;
				CLANG_WARN_RANGE_LOOP_ANALYSIS = YES;
				CLANG_WARN_STRICT_PROTOTYPES = YES;
				CLANG_WARN_SUSPICIOUS_MOVE = YES;
				CLANG_WARN_UNGUARDED_AVAILABILITY = YES_AGGRESSIVE;
				CLANG_WARN_UNREACHABLE_CODE = YES;
				CLANG_WARN__DUPLICATE_METHOD_MATCH = YES;
				COPY_PHASE_STRIP = NO;
				DEBUG_INFORMATION_FORMAT = dwarf;
				ENABLE_STRICT_OBJC_MSGSEND = YES;
				ENABLE_TESTABILITY = YES;
				GCC_C_LANGUAGE_STANDARD = gnu11;
				GCC_DYNAMIC_NO_PIC = NO;
				GCC_NO_COMMON_BLOCKS = YES;
				GCC_OPTIMIZATION_LEVEL = 0;
				GCC_PREPROCESSOR_DEFINITIONS = (
					"DEBUG=1",
					"$(inherited)",
				);
				GCC_WARN_64_TO_32_BIT_CONVERSION = YES;
				GCC_WARN_ABOUT_RETURN_TYPE = YES_ERROR;
				GCC_WARN_UNDECLARED_SELECTOR = YES;
				GCC_WARN_UNINITIALIZED_AUTOS = YES_AGGRESSIVE;
				GCC_WARN_UNUSED_FUNCTION = YES;
				GCC_WARN_UNUSED_VARIABLE = YES;
				IPHONEOS_DEPLOYMENT_TARGET = 16.0;
				MTL_ENABLE_DEBUG_INFO = INCLUDE_SOURCE;
				MTL_FAST_MATH = YES;
				ONLY_ACTIVE_ARCH = YES;
				SDKROOT = iphoneos;
				SWIFT_ACTIVE_COMPILATION_CONDITIONS = DEBUG;
				SWIFT_OPTIMIZATION_LEVEL = "-Onone";
			};
			name = Debug;
		};
		FE7BDFBE298F90E10058A358 /* Release */ = {
			isa = XCBuildConfiguration;
			buildSettings = {
				ALWAYS_SEARCH_USER_PATHS = NO;
				CLANG_ANALYZER_NONNULL = YES;
				CLANG_ANALYZER_NUMBER_OBJECT_CONVERSION = YES_AGGRESSIVE;
				CLANG_CXX_LANGUAGE_STANDARD = "gnu++20";
				CLANG_ENABLE_MODULES = YES;
				CLANG_ENABLE_OBJC_ARC = YES;
				CLANG_ENABLE_OBJC_WEAK = YES;
				CLANG_WARN_BLOCK_CAPTURE_AUTORELEASING = YES;
				CLANG_WARN_BOOL_CONVERSION = YES;
				CLANG_WARN_COMMA = YES;
				CLANG_WARN_CONSTANT_CONVERSION = YES;
				CLANG_WARN_DEPRECATED_OBJC_IMPLEMENTATIONS = YES;
				CLANG_WARN_DIRECT_OBJC_ISA_USAGE = YES_ERROR;
				CLANG_WARN_DOCUMENTATION_COMMENTS = YES;
				CLANG_WARN_EMPTY_BODY = YES;
				CLANG_WARN_ENUM_CONVERSION = YES;
				CLANG_WARN_INFINITE_RECURSION = YES;
				CLANG_WARN_INT_CONVERSION = YES;
				CLANG_WARN_NON_LITERAL_NULL_CONVERSION = YES;
				CLANG_WARN_OBJC_IMPLICIT_RETAIN_SELF = YES;
				CLANG_WARN_OBJC_LITERAL_CONVERSION = YES;
				CLANG_WARN_OBJC_ROOT_CLASS = YES_ERROR;
				CLANG_WARN_QUOTED_INCLUDE_IN_FRAMEWORK_HEADER = YES;
				CLANG_WARN_RANGE_LOOP_ANALYSIS = YES;
				CLANG_WARN_STRICT_PROTOTYPES = YES;
				CLANG_WARN_SUSPICIOUS_MOVE = YES;
				CLANG_WARN_UNGUARDED_AVAILABILITY = YES_AGGRESSIVE;
				CLANG_WARN_UNREACHABLE_CODE = YES;
				CLANG_WARN__DUPLICATE_METHOD_MATCH = YES;
				COPY_PHASE_STRIP = NO;
				DEBUG_INFORMATION_FORMAT = "dwarf-with-dsym";
				ENABLE_NS_ASSERTIONS = NO;
				ENABLE_STRICT_OBJC_MSGSEND = YES;
				GCC_C_LANGUAGE_STANDARD = gnu11;
				GCC_NO_COMMON_BLOCKS = YES;
				GCC_WARN_64_TO_32_BIT_CONVERSION = YES;
				GCC_WARN_ABOUT_RETURN_TYPE = YES_ERROR;
				GCC_WARN_UNDECLARED_SELECTOR = YES;
				GCC_WARN_UNINITIALIZED_AUTOS = YES_AGGRESSIVE;
				GCC_WARN_UNUSED_FUNCTION = YES;
				GCC_WARN_UNUSED_VARIABLE = YES;
				IPHONEOS_DEPLOYMENT_TARGET = 16.0;
				MTL_ENABLE_DEBUG_INFO = NO;
				MTL_FAST_MATH = YES;
				SDKROOT = iphoneos;
				SWIFT_COMPILATION_MODE = wholemodule;
				SWIFT_OPTIMIZATION_LEVEL = "-O";
				VALIDATE_PRODUCT = YES;
			};
			name = Release;
		};
		FE7BDFC0298F90E10058A358 /* Debug */ = {
			isa = XCBuildConfiguration;
			buildSettings = {
				ASSETCATALOG_COMPILER_APPICON_NAME = AppIcon;
				ASSETCATALOG_COMPILER_GLOBAL_ACCENT_COLOR_NAME = AccentColor;
				CODE_SIGN_STYLE = Automatic;
				CURRENT_PROJECT_VERSION = 1;
				DEVELOPMENT_ASSET_PATHS = "\"TeamPlan/Preview Content\"";
				DEVELOPMENT_TEAM = YWSA3TX7T7;
				ENABLE_PREVIEWS = YES;
				GENERATE_INFOPLIST_FILE = YES;
				INFOPLIST_KEY_UIApplicationSceneManifest_Generation = YES;
				INFOPLIST_KEY_UIApplicationSupportsIndirectInputEvents = YES;
				INFOPLIST_KEY_UILaunchScreen_Generation = YES;
				INFOPLIST_KEY_UILaunchStoryboardName = LaunchScreen.storyboard;
				INFOPLIST_KEY_UISupportedInterfaceOrientations_iPad = "UIInterfaceOrientationPortrait UIInterfaceOrientationPortraitUpsideDown UIInterfaceOrientationLandscapeLeft UIInterfaceOrientationLandscapeRight";
				INFOPLIST_KEY_UISupportedInterfaceOrientations_iPhone = "UIInterfaceOrientationPortrait UIInterfaceOrientationLandscapeLeft UIInterfaceOrientationLandscapeRight";
				LD_RUNPATH_SEARCH_PATHS = (
					"$(inherited)",
					"@executable_path/Frameworks",
				);
				MARKETING_VERSION = 1.0;
				PRODUCT_BUNDLE_IDENTIFIER = com.kobong.TeamPlan;
				PRODUCT_NAME = "$(TARGET_NAME)";
				SWIFT_EMIT_LOC_STRINGS = YES;
				SWIFT_VERSION = 5.0;
				TARGETED_DEVICE_FAMILY = "1,2";
			};
			name = Debug;
		};
		FE7BDFC1298F90E10058A358 /* Release */ = {
			isa = XCBuildConfiguration;
			buildSettings = {
				ASSETCATALOG_COMPILER_APPICON_NAME = AppIcon;
				ASSETCATALOG_COMPILER_GLOBAL_ACCENT_COLOR_NAME = AccentColor;
				CODE_SIGN_STYLE = Automatic;
				CURRENT_PROJECT_VERSION = 1;
				DEVELOPMENT_ASSET_PATHS = "\"TeamPlan/Preview Content\"";
				DEVELOPMENT_TEAM = YWSA3TX7T7;
				ENABLE_PREVIEWS = YES;
				GENERATE_INFOPLIST_FILE = YES;
				INFOPLIST_KEY_UIApplicationSceneManifest_Generation = YES;
				INFOPLIST_KEY_UIApplicationSupportsIndirectInputEvents = YES;
				INFOPLIST_KEY_UILaunchScreen_Generation = YES;
				INFOPLIST_KEY_UILaunchStoryboardName = LaunchScreen.storyboard;
				INFOPLIST_KEY_UISupportedInterfaceOrientations_iPad = "UIInterfaceOrientationPortrait UIInterfaceOrientationPortraitUpsideDown UIInterfaceOrientationLandscapeLeft UIInterfaceOrientationLandscapeRight";
				INFOPLIST_KEY_UISupportedInterfaceOrientations_iPhone = "UIInterfaceOrientationPortrait UIInterfaceOrientationLandscapeLeft UIInterfaceOrientationLandscapeRight";
				LD_RUNPATH_SEARCH_PATHS = (
					"$(inherited)",
					"@executable_path/Frameworks",
				);
				MARKETING_VERSION = 1.0;
				PRODUCT_BUNDLE_IDENTIFIER = com.kobong.TeamPlan;
				PRODUCT_NAME = "$(TARGET_NAME)";
				SWIFT_EMIT_LOC_STRINGS = YES;
				SWIFT_VERSION = 5.0;
				TARGETED_DEVICE_FAMILY = "1,2";
			};
			name = Release;
		};
/* End XCBuildConfiguration section */

/* Begin XCConfigurationList section */
		FE7BDFAC298F90E00058A358 /* Build configuration list for PBXProject "TeamPlan" */ = {
			isa = XCConfigurationList;
			buildConfigurations = (
				FE7BDFBD298F90E10058A358 /* Debug */,
				FE7BDFBE298F90E10058A358 /* Release */,
			);
			defaultConfigurationIsVisible = 0;
			defaultConfigurationName = Release;
		};
		FE7BDFBF298F90E10058A358 /* Build configuration list for PBXNativeTarget "TeamPlan" */ = {
			isa = XCConfigurationList;
			buildConfigurations = (
				FE7BDFC0298F90E10058A358 /* Debug */,
				FE7BDFC1298F90E10058A358 /* Release */,
			);
			defaultConfigurationIsVisible = 0;
			defaultConfigurationName = Release;
		};
/* End XCConfigurationList section */

/* Begin XCRemoteSwiftPackageReference section */
		FEB9D08429DDCEA700504B34 /* XCRemoteSwiftPackageReference "WrappingHStack" */ = {
			isa = XCRemoteSwiftPackageReference;
			repositoryURL = "https://github.com/ksemianov/WrappingHStack.git";
			requirement = {
				kind = upToNextMajorVersion;
				minimumVersion = 0.1.2;
			};
		};
/* End XCRemoteSwiftPackageReference section */

/* Begin XCSwiftPackageProductDependency section */
		FEB9D08529DDCEA700504B34 /* WrappingHStack */ = {
			isa = XCSwiftPackageProductDependency;
			package = FEB9D08429DDCEA700504B34 /* XCRemoteSwiftPackageReference "WrappingHStack" */;
			productName = WrappingHStack;
		};
/* End XCSwiftPackageProductDependency section */
	};
	rootObject = FE7BDFA9298F90E00058A358 /* Project object */;
}
