// !$*UTF8*$!
{
	archiveVersion = 1;
	classes = {
	};
	objectVersion = 56;
	objects = {

/* Begin PBXBuildFile section */
		FE7C37BF29EEF4CB00531390 /* SwiftuiFirebaseBootcampApp.swift in Sources */ = {isa = PBXBuildFile; fileRef = FE7C37BE29EEF4CB00531390 /* SwiftuiFirebaseBootcampApp.swift */; };
		FE7C37C129EEF4CB00531390 /* ContentView.swift in Sources */ = {isa = PBXBuildFile; fileRef = FE7C37C029EEF4CB00531390 /* ContentView.swift */; };
		FE7C37C329EEF4CC00531390 /* Assets.xcassets in Resources */ = {isa = PBXBuildFile; fileRef = FE7C37C229EEF4CC00531390 /* Assets.xcassets */; };
		FE7C37C629EEF4CC00531390 /* Preview Assets.xcassets in Resources */ = {isa = PBXBuildFile; fileRef = FE7C37C529EEF4CC00531390 /* Preview Assets.xcassets */; };
		FE7C37CD29EEF7EF00531390 /* GoogleService-Info.plist in Resources */ = {isa = PBXBuildFile; fileRef = FE7C37CC29EEF7EF00531390 /* GoogleService-Info.plist */; };
		FE7C37D029EEF9A900531390 /* FirebaseAnalytics in Frameworks */ = {isa = PBXBuildFile; productRef = FE7C37CF29EEF9A900531390 /* FirebaseAnalytics */; };
		FE7C37D229EEF9A900531390 /* FirebaseAnalyticsSwift in Frameworks */ = {isa = PBXBuildFile; productRef = FE7C37D129EEF9A900531390 /* FirebaseAnalyticsSwift */; };
		FE7C37D529F0423800531390 /* FirebaseAuth in Frameworks */ = {isa = PBXBuildFile; productRef = FE7C37D429F0423800531390 /* FirebaseAuth */; };
		FE7C37D829F0431700531390 /* AuthenticationView.swift in Sources */ = {isa = PBXBuildFile; fileRef = FE7C37D729F0431700531390 /* AuthenticationView.swift */; };
		FE7C37DA29F043AD00531390 /* SignInEmailView.swift in Sources */ = {isa = PBXBuildFile; fileRef = FE7C37D929F043AD00531390 /* SignInEmailView.swift */; };
		FE7C37DC29F0455E00531390 /* AuthenticationManager.swift in Sources */ = {isa = PBXBuildFile; fileRef = FE7C37DB29F0455E00531390 /* AuthenticationManager.swift */; };
		FEBD80922A0C5E8F00D69101 /* RootView.swift in Sources */ = {isa = PBXBuildFile; fileRef = FEBD80912A0C5E8F00D69101 /* RootView.swift */; };
/* End PBXBuildFile section */

/* Begin PBXFileReference section */
		FE7C37BB29EEF4CB00531390 /* SwiftuiFirebaseBootcamp.app */ = {isa = PBXFileReference; explicitFileType = wrapper.application; includeInIndex = 0; path = SwiftuiFirebaseBootcamp.app; sourceTree = BUILT_PRODUCTS_DIR; };
		FE7C37BE29EEF4CB00531390 /* SwiftuiFirebaseBootcampApp.swift */ = {isa = PBXFileReference; lastKnownFileType = sourcecode.swift; path = SwiftuiFirebaseBootcampApp.swift; sourceTree = "<group>"; };
		FE7C37C029EEF4CB00531390 /* ContentView.swift */ = {isa = PBXFileReference; lastKnownFileType = sourcecode.swift; path = ContentView.swift; sourceTree = "<group>"; };
		FE7C37C229EEF4CC00531390 /* Assets.xcassets */ = {isa = PBXFileReference; lastKnownFileType = folder.assetcatalog; path = Assets.xcassets; sourceTree = "<group>"; };
		FE7C37C529EEF4CC00531390 /* Preview Assets.xcassets */ = {isa = PBXFileReference; lastKnownFileType = folder.assetcatalog; path = "Preview Assets.xcassets"; sourceTree = "<group>"; };
		FE7C37CC29EEF7EF00531390 /* GoogleService-Info.plist */ = {isa = PBXFileReference; lastKnownFileType = text.plist; path = "GoogleService-Info.plist"; sourceTree = SOURCE_ROOT; };
		FE7C37D729F0431700531390 /* AuthenticationView.swift */ = {isa = PBXFileReference; lastKnownFileType = sourcecode.swift; path = AuthenticationView.swift; sourceTree = "<group>"; };
		FE7C37D929F043AD00531390 /* SignInEmailView.swift */ = {isa = PBXFileReference; lastKnownFileType = sourcecode.swift; path = SignInEmailView.swift; sourceTree = "<group>"; };
		FE7C37DB29F0455E00531390 /* AuthenticationManager.swift */ = {isa = PBXFileReference; lastKnownFileType = sourcecode.swift; path = AuthenticationManager.swift; sourceTree = "<group>"; };
		FEBD80912A0C5E8F00D69101 /* RootView.swift */ = {isa = PBXFileReference; lastKnownFileType = sourcecode.swift; path = RootView.swift; sourceTree = "<group>"; };
/* End PBXFileReference section */

/* Begin PBXFrameworksBuildPhase section */
		FE7C37B829EEF4CB00531390 /* Frameworks */ = {
			isa = PBXFrameworksBuildPhase;
			buildActionMask = 2147483647;
			files = (
				FE7C37D229EEF9A900531390 /* FirebaseAnalyticsSwift in Frameworks */,
				FE7C37D529F0423800531390 /* FirebaseAuth in Frameworks */,
				FE7C37D029EEF9A900531390 /* FirebaseAnalytics in Frameworks */,
			);
			runOnlyForDeploymentPostprocessing = 0;
		};
/* End PBXFrameworksBuildPhase section */

/* Begin PBXGroup section */
		FE7C37B229EEF4CB00531390 = {
			isa = PBXGroup;
			children = (
				FE7C37BD29EEF4CB00531390 /* SwiftuiFirebaseBootcamp */,
				FE7C37BC29EEF4CB00531390 /* Products */,
				FE7C37D329F0423800531390 /* Frameworks */,
			);
			sourceTree = "<group>";
		};
		FE7C37BC29EEF4CB00531390 /* Products */ = {
			isa = PBXGroup;
			children = (
				FE7C37BB29EEF4CB00531390 /* SwiftuiFirebaseBootcamp.app */,
			);
			name = Products;
			sourceTree = "<group>";
		};
		FE7C37BD29EEF4CB00531390 /* SwiftuiFirebaseBootcamp */ = {
			isa = PBXGroup;
			children = (
				FE7C37D629F042FF00531390 /* Authentication */,
				FE7C37CC29EEF7EF00531390 /* GoogleService-Info.plist */,
				FE7C37BE29EEF4CB00531390 /* SwiftuiFirebaseBootcampApp.swift */,
				FE7C37C029EEF4CB00531390 /* ContentView.swift */,
				FE7C37C229EEF4CC00531390 /* Assets.xcassets */,
				FE7C37C429EEF4CC00531390 /* Preview Content */,
			);
			path = SwiftuiFirebaseBootcamp;
			sourceTree = "<group>";
		};
		FE7C37C429EEF4CC00531390 /* Preview Content */ = {
			isa = PBXGroup;
			children = (
				FE7C37C529EEF4CC00531390 /* Preview Assets.xcassets */,
			);
			path = "Preview Content";
			sourceTree = "<group>";
		};
		FE7C37D329F0423800531390 /* Frameworks */ = {
			isa = PBXGroup;
			children = (
			);
			name = Frameworks;
			sourceTree = "<group>";
		};
		FE7C37D629F042FF00531390 /* Authentication */ = {
			isa = PBXGroup;
			children = (
				FE7C37D729F0431700531390 /* AuthenticationView.swift */,
				FE7C37D929F043AD00531390 /* SignInEmailView.swift */,
				FE7C37DB29F0455E00531390 /* AuthenticationManager.swift */,
				FEBD80912A0C5E8F00D69101 /* RootView.swift */,
			);
			path = Authentication;
			sourceTree = "<group>";
		};
/* End PBXGroup section */

/* Begin PBXNativeTarget section */
		FE7C37BA29EEF4CB00531390 /* SwiftuiFirebaseBootcamp */ = {
			isa = PBXNativeTarget;
			buildConfigurationList = FE7C37C929EEF4CC00531390 /* Build configuration list for PBXNativeTarget "SwiftuiFirebaseBootcamp" */;
			buildPhases = (
				FE7C37B729EEF4CB00531390 /* Sources */,
				FE7C37B829EEF4CB00531390 /* Frameworks */,
				FE7C37B929EEF4CB00531390 /* Resources */,
			);
			buildRules = (
			);
			dependencies = (
			);
			name = SwiftuiFirebaseBootcamp;
			packageProductDependencies = (
				FE7C37CF29EEF9A900531390 /* FirebaseAnalytics */,
				FE7C37D129EEF9A900531390 /* FirebaseAnalyticsSwift */,
				FE7C37D429F0423800531390 /* FirebaseAuth */,
			);
			productName = SwiftuiFirebaseBootcamp;
			productReference = FE7C37BB29EEF4CB00531390 /* SwiftuiFirebaseBootcamp.app */;
			productType = "com.apple.product-type.application";
		};
/* End PBXNativeTarget section */

/* Begin PBXProject section */
		FE7C37B329EEF4CB00531390 /* Project object */ = {
			isa = PBXProject;
			attributes = {
				BuildIndependentTargetsInParallel = 1;
				LastSwiftUpdateCheck = 1400;
				LastUpgradeCheck = 1400;
				TargetAttributes = {
					FE7C37BA29EEF4CB00531390 = {
						CreatedOnToolsVersion = 14.0.1;
					};
				};
			};
			buildConfigurationList = FE7C37B629EEF4CB00531390 /* Build configuration list for PBXProject "SwiftuiFirebaseBootcamp" */;
			compatibilityVersion = "Xcode 14.0";
			developmentRegion = en;
			hasScannedForEncodings = 0;
			knownRegions = (
				en,
				Base,
			);
			mainGroup = FE7C37B229EEF4CB00531390;
			packageReferences = (
				FE7C37CE29EEF9A900531390 /* XCRemoteSwiftPackageReference "firebase-ios-sdk" */,
			);
			productRefGroup = FE7C37BC29EEF4CB00531390 /* Products */;
			projectDirPath = "";
			projectRoot = "";
			targets = (
				FE7C37BA29EEF4CB00531390 /* SwiftuiFirebaseBootcamp */,
			);
		};
/* End PBXProject section */

/* Begin PBXResourcesBuildPhase section */
		FE7C37B929EEF4CB00531390 /* Resources */ = {
			isa = PBXResourcesBuildPhase;
			buildActionMask = 2147483647;
			files = (
				FE7C37C629EEF4CC00531390 /* Preview Assets.xcassets in Resources */,
				FE7C37C329EEF4CC00531390 /* Assets.xcassets in Resources */,
				FE7C37CD29EEF7EF00531390 /* GoogleService-Info.plist in Resources */,
			);
			runOnlyForDeploymentPostprocessing = 0;
		};
/* End PBXResourcesBuildPhase section */

/* Begin PBXSourcesBuildPhase section */
		FE7C37B729EEF4CB00531390 /* Sources */ = {
			isa = PBXSourcesBuildPhase;
			buildActionMask = 2147483647;
			files = (
				FE7C37C129EEF4CB00531390 /* ContentView.swift in Sources */,
				FE7C37BF29EEF4CB00531390 /* SwiftuiFirebaseBootcampApp.swift in Sources */,
				FEBD80922A0C5E8F00D69101 /* RootView.swift in Sources */,
				FE7C37D829F0431700531390 /* AuthenticationView.swift in Sources */,
				FE7C37DC29F0455E00531390 /* AuthenticationManager.swift in Sources */,
				FE7C37DA29F043AD00531390 /* SignInEmailView.swift in Sources */,
			);
			runOnlyForDeploymentPostprocessing = 0;
		};
/* End PBXSourcesBuildPhase section */

/* Begin XCBuildConfiguration section */
		FE7C37C729EEF4CC00531390 /* Debug */ = {
			isa = XCBuildConfiguration;
			buildSettings = {
				ALWAYS_SEARCH_USER_PATHS = NO;
				CLANG_ANALYZER_NONNULL = YES;
				CLANG_ANALYZER_NUMBER_OBJECT_CONVERSION = YES_AGGRESSIVE;
				CLANG_CXX_LANGUAGE_STANDARD = "gnu++20";
				CLANG_ENABLE_MODULES = YES;
				CLANG_ENABLE_OBJC_ARC = YES;
				CLANG_ENABLE_OBJC_WEAK = YES;
				CLANG_WARN_BLOCK_CAPTURE_AUTORELEASING = YES;
				CLANG_WARN_BOOL_CONVERSION = YES;
				CLANG_WARN_COMMA = YES;
				CLANG_WARN_CONSTANT_CONVERSION = YES;
				CLANG_WARN_DEPRECATED_OBJC_IMPLEMENTATIONS = YES;
				CLANG_WARN_DIRECT_OBJC_ISA_USAGE = YES_ERROR;
				CLANG_WARN_DOCUMENTATION_COMMENTS = YES;
				CLANG_WARN_EMPTY_BODY = YES;
				CLANG_WARN_ENUM_CONVERSION = YES;
				CLANG_WARN_INFINITE_RECURSION = YES;
				CLANG_WARN_INT_CONVERSION = YES;
				CLANG_WARN_NON_LITERAL_NULL_CONVERSION = YES;
				CLANG_WARN_OBJC_IMPLICIT_RETAIN_SELF = YES;
				CLANG_WARN_OBJC_LITERAL_CONVERSION = YES;
				CLANG_WARN_OBJC_ROOT_CLASS = YES_ERROR;
				CLANG_WARN_QUOTED_INCLUDE_IN_FRAMEWORK_HEADER = YES;
				CLANG_WARN_RANGE_LOOP_ANALYSIS = YES;
				CLANG_WARN_STRICT_PROTOTYPES = YES;
				CLANG_WARN_SUSPICIOUS_MOVE = YES;
				CLANG_WARN_UNGUARDED_AVAILABILITY = YES_AGGRESSIVE;
				CLANG_WARN_UNREACHABLE_CODE = YES;
				CLANG_WARN__DUPLICATE_METHOD_MATCH = YES;
				COPY_PHASE_STRIP = NO;
				DEBUG_INFORMATION_FORMAT = dwarf;
				ENABLE_STRICT_OBJC_MSGSEND = YES;
				ENABLE_TESTABILITY = YES;
				GCC_C_LANGUAGE_STANDARD = gnu11;
				GCC_DYNAMIC_NO_PIC = NO;
				GCC_NO_COMMON_BLOCKS = YES;
				GCC_OPTIMIZATION_LEVEL = 0;
				GCC_PREPROCESSOR_DEFINITIONS = (
					"DEBUG=1",
					"$(inherited)",
				);
				GCC_WARN_64_TO_32_BIT_CONVERSION = YES;
				GCC_WARN_ABOUT_RETURN_TYPE = YES_ERROR;
				GCC_WARN_UNDECLARED_SELECTOR = YES;
				GCC_WARN_UNINITIALIZED_AUTOS = YES_AGGRESSIVE;
				GCC_WARN_UNUSED_FUNCTION = YES;
				GCC_WARN_UNUSED_VARIABLE = YES;
				IPHONEOS_DEPLOYMENT_TARGET = 16.0;
				MTL_ENABLE_DEBUG_INFO = INCLUDE_SOURCE;
				MTL_FAST_MATH = YES;
				ONLY_ACTIVE_ARCH = YES;
				SDKROOT = iphoneos;
				SWIFT_ACTIVE_COMPILATION_CONDITIONS = DEBUG;
				SWIFT_OPTIMIZATION_LEVEL = "-Onone";
			};
			name = Debug;
		};
		FE7C37C829EEF4CC00531390 /* Release */ = {
			isa = XCBuildConfiguration;
			buildSettings = {
				ALWAYS_SEARCH_USER_PATHS = NO;
				CLANG_ANALYZER_NONNULL = YES;
				CLANG_ANALYZER_NUMBER_OBJECT_CONVERSION = YES_AGGRESSIVE;
				CLANG_CXX_LANGUAGE_STANDARD = "gnu++20";
				CLANG_ENABLE_MODULES = YES;
				CLANG_ENABLE_OBJC_ARC = YES;
				CLANG_ENABLE_OBJC_WEAK = YES;
				CLANG_WARN_BLOCK_CAPTURE_AUTORELEASING = YES;
				CLANG_WARN_BOOL_CONVERSION = YES;
				CLANG_WARN_COMMA = YES;
				CLANG_WARN_CONSTANT_CONVERSION = YES;
				CLANG_WARN_DEPRECATED_OBJC_IMPLEMENTATIONS = YES;
				CLANG_WARN_DIRECT_OBJC_ISA_USAGE = YES_ERROR;
				CLANG_WARN_DOCUMENTATION_COMMENTS = YES;
				CLANG_WARN_EMPTY_BODY = YES;
				CLANG_WARN_ENUM_CONVERSION = YES;
				CLANG_WARN_INFINITE_RECURSION = YES;
				CLANG_WARN_INT_CONVERSION = YES;
				CLANG_WARN_NON_LITERAL_NULL_CONVERSION = YES;
				CLANG_WARN_OBJC_IMPLICIT_RETAIN_SELF = YES;
				CLANG_WARN_OBJC_LITERAL_CONVERSION = YES;
				CLANG_WARN_OBJC_ROOT_CLASS = YES_ERROR;
				CLANG_WARN_QUOTED_INCLUDE_IN_FRAMEWORK_HEADER = YES;
				CLANG_WARN_RANGE_LOOP_ANALYSIS = YES;
				CLANG_WARN_STRICT_PROTOTYPES = YES;
				CLANG_WARN_SUSPICIOUS_MOVE = YES;
				CLANG_WARN_UNGUARDED_AVAILABILITY = YES_AGGRESSIVE;
				CLANG_WARN_UNREACHABLE_CODE = YES;
				CLANG_WARN__DUPLICATE_METHOD_MATCH = YES;
				COPY_PHASE_STRIP = NO;
				DEBUG_INFORMATION_FORMAT = "dwarf-with-dsym";
				ENABLE_NS_ASSERTIONS = NO;
				ENABLE_STRICT_OBJC_MSGSEND = YES;
				GCC_C_LANGUAGE_STANDARD = gnu11;
				GCC_NO_COMMON_BLOCKS = YES;
				GCC_WARN_64_TO_32_BIT_CONVERSION = YES;
				GCC_WARN_ABOUT_RETURN_TYPE = YES_ERROR;
				GCC_WARN_UNDECLARED_SELECTOR = YES;
				GCC_WARN_UNINITIALIZED_AUTOS = YES_AGGRESSIVE;
				GCC_WARN_UNUSED_FUNCTION = YES;
				GCC_WARN_UNUSED_VARIABLE = YES;
				IPHONEOS_DEPLOYMENT_TARGET = 16.0;
				MTL_ENABLE_DEBUG_INFO = NO;
				MTL_FAST_MATH = YES;
				SDKROOT = iphoneos;
				SWIFT_COMPILATION_MODE = wholemodule;
				SWIFT_OPTIMIZATION_LEVEL = "-O";
				VALIDATE_PRODUCT = YES;
			};
			name = Release;
		};
		FE7C37CA29EEF4CC00531390 /* Debug */ = {
			isa = XCBuildConfiguration;
			buildSettings = {
				ASSETCATALOG_COMPILER_APPICON_NAME = AppIcon;
				ASSETCATALOG_COMPILER_GLOBAL_ACCENT_COLOR_NAME = AccentColor;
				CODE_SIGN_STYLE = Automatic;
				CURRENT_PROJECT_VERSION = 1;
				DEVELOPMENT_ASSET_PATHS = "\"SwiftuiFirebaseBootcamp/Preview Content\"";
				DEVELOPMENT_TEAM = YWSA3TX7T7;
				ENABLE_PREVIEWS = YES;
				GENERATE_INFOPLIST_FILE = YES;
				INFOPLIST_KEY_UIApplicationSceneManifest_Generation = YES;
				INFOPLIST_KEY_UIApplicationSupportsIndirectInputEvents = YES;
				INFOPLIST_KEY_UILaunchScreen_Generation = YES;
				INFOPLIST_KEY_UISupportedInterfaceOrientations_iPad = "UIInterfaceOrientationPortrait UIInterfaceOrientationPortraitUpsideDown UIInterfaceOrientationLandscapeLeft UIInterfaceOrientationLandscapeRight";
				INFOPLIST_KEY_UISupportedInterfaceOrientations_iPhone = "UIInterfaceOrientationPortrait UIInterfaceOrientationLandscapeLeft UIInterfaceOrientationLandscapeRight";
				LD_RUNPATH_SEARCH_PATHS = (
					"$(inherited)",
					"@executable_path/Frameworks",
				);
				MARKETING_VERSION = 1.0;
				PRODUCT_BUNDLE_IDENTIFIER = com.kobong.SwiftuiFirebaseBootcamp;
				PRODUCT_NAME = "$(TARGET_NAME)";
				SWIFT_EMIT_LOC_STRINGS = YES;
				SWIFT_VERSION = 5.0;
				TARGETED_DEVICE_FAMILY = "1,2";
			};
			name = Debug;
		};
		FE7C37CB29EEF4CC00531390 /* Release */ = {
			isa = XCBuildConfiguration;
			buildSettings = {
				ASSETCATALOG_COMPILER_APPICON_NAME = AppIcon;
				ASSETCATALOG_COMPILER_GLOBAL_ACCENT_COLOR_NAME = AccentColor;
				CODE_SIGN_STYLE = Automatic;
				CURRENT_PROJECT_VERSION = 1;
				DEVELOPMENT_ASSET_PATHS = "\"SwiftuiFirebaseBootcamp/Preview Content\"";
				DEVELOPMENT_TEAM = YWSA3TX7T7;
				ENABLE_PREVIEWS = YES;
				GENERATE_INFOPLIST_FILE = YES;
				INFOPLIST_KEY_UIApplicationSceneManifest_Generation = YES;
				INFOPLIST_KEY_UIApplicationSupportsIndirectInputEvents = YES;
				INFOPLIST_KEY_UILaunchScreen_Generation = YES;
				INFOPLIST_KEY_UISupportedInterfaceOrientations_iPad = "UIInterfaceOrientationPortrait UIInterfaceOrientationPortraitUpsideDown UIInterfaceOrientationLandscapeLeft UIInterfaceOrientationLandscapeRight";
				INFOPLIST_KEY_UISupportedInterfaceOrientations_iPhone = "UIInterfaceOrientationPortrait UIInterfaceOrientationLandscapeLeft UIInterfaceOrientationLandscapeRight";
				LD_RUNPATH_SEARCH_PATHS = (
					"$(inherited)",
					"@executable_path/Frameworks",
				);
				MARKETING_VERSION = 1.0;
				PRODUCT_BUNDLE_IDENTIFIER = com.kobong.SwiftuiFirebaseBootcamp;
				PRODUCT_NAME = "$(TARGET_NAME)";
				SWIFT_EMIT_LOC_STRINGS = YES;
				SWIFT_VERSION = 5.0;
				TARGETED_DEVICE_FAMILY = "1,2";
			};
			name = Release;
		};
/* End XCBuildConfiguration section */

/* Begin XCConfigurationList section */
		FE7C37B629EEF4CB00531390 /* Build configuration list for PBXProject "SwiftuiFirebaseBootcamp" */ = {
			isa = XCConfigurationList;
			buildConfigurations = (
				FE7C37C729EEF4CC00531390 /* Debug */,
				FE7C37C829EEF4CC00531390 /* Release */,
			);
			defaultConfigurationIsVisible = 0;
			defaultConfigurationName = Release;
		};
		FE7C37C929EEF4CC00531390 /* Build configuration list for PBXNativeTarget "SwiftuiFirebaseBootcamp" */ = {
			isa = XCConfigurationList;
			buildConfigurations = (
				FE7C37CA29EEF4CC00531390 /* Debug */,
				FE7C37CB29EEF4CC00531390 /* Release */,
			);
			defaultConfigurationIsVisible = 0;
			defaultConfigurationName = Release;
		};
/* End XCConfigurationList section */

/* Begin XCRemoteSwiftPackageReference section */
		FE7C37CE29EEF9A900531390 /* XCRemoteSwiftPackageReference "firebase-ios-sdk" */ = {
			isa = XCRemoteSwiftPackageReference;
			repositoryURL = "https://github.com/firebase/firebase-ios-sdk";
			requirement = {
				kind = exactVersion;
				version = 10.4.0;
			};
		};
/* End XCRemoteSwiftPackageReference section */

/* Begin XCSwiftPackageProductDependency section */
		FE7C37CF29EEF9A900531390 /* FirebaseAnalytics */ = {
			isa = XCSwiftPackageProductDependency;
			package = FE7C37CE29EEF9A900531390 /* XCRemoteSwiftPackageReference "firebase-ios-sdk" */;
			productName = FirebaseAnalytics;
		};
		FE7C37D129EEF9A900531390 /* FirebaseAnalyticsSwift */ = {
			isa = XCSwiftPackageProductDependency;
			package = FE7C37CE29EEF9A900531390 /* XCRemoteSwiftPackageReference "firebase-ios-sdk" */;
			productName = FirebaseAnalyticsSwift;
		};
		FE7C37D429F0423800531390 /* FirebaseAuth */ = {
			isa = XCSwiftPackageProductDependency;
			package = FE7C37CE29EEF9A900531390 /* XCRemoteSwiftPackageReference "firebase-ios-sdk" */;
			productName = FirebaseAuth;
		};
/* End XCSwiftPackageProductDependency section */
	};
	rootObject = FE7C37B329EEF4CB00531390 /* Project object */;
}
