// !$*UTF8*$!
{
	archiveVersion = 1;
	classes = {
	};
	objectVersion = 55;
	objects = {

/* Begin PBXBuildFile section */
		FE0CB71228D215AE00E3E36F /* KxWeatherApp.swift in Sources */ = {isa = PBXBuildFile; fileRef = FE0CB71128D215AE00E3E36F /* KxWeatherApp.swift */; };
		FE0CB71628D215B100E3E36F /* Assets.xcassets in Resources */ = {isa = PBXBuildFile; fileRef = FE0CB71528D215B100E3E36F /* Assets.xcassets */; };
		FE0CB71928D215B100E3E36F /* Preview Assets.xcassets in Resources */ = {isa = PBXBuildFile; fileRef = FE0CB71828D215B100E3E36F /* Preview Assets.xcassets */; };
		FE0CB72428D2233200E3E36F /* MainView.swift in Sources */ = {isa = PBXBuildFile; fileRef = FE0CB72328D2233200E3E36F /* MainView.swift */; };
		FE0CB72628D223E400E3E36F /* CurrentWeather.swift in Sources */ = {isa = PBXBuildFile; fileRef = FE0CB72528D223E400E3E36F /* CurrentWeather.swift */; };
		FE0CB72828D224CC00E3E36F /* Double+TemperatureString.swift in Sources */ = {isa = PBXBuildFile; fileRef = FE0CB72728D224CC00E3E36F /* Double+TemperatureString.swift */; };
		FE0CB72A28D225A800E3E36F /* Forecast.swift in Sources */ = {isa = PBXBuildFile; fileRef = FE0CB72928D225A800E3E36F /* Forecast.swift */; };
		FE0CB72C28D373B500E3E36F /* BackgroundView.swift in Sources */ = {isa = PBXBuildFile; fileRef = FE0CB72B28D373B500E3E36F /* BackgroundView.swift */; };
		FE0CB72E28D3741800E3E36F /* WeatherContentView.swift in Sources */ = {isa = PBXBuildFile; fileRef = FE0CB72D28D3741800E3E36F /* WeatherContentView.swift */; };
		FE0CB73028D3747C00E3E36F /* CurrentWeatherView.swift in Sources */ = {isa = PBXBuildFile; fileRef = FE0CB72F28D3747C00E3E36F /* CurrentWeatherView.swift */; };
		FE0CB73228D374AB00E3E36F /* ForecastView.swift in Sources */ = {isa = PBXBuildFile; fileRef = FE0CB73128D374AB00E3E36F /* ForecastView.swift */; };
		FE73F01928DA08C400D006FA /* CodableForecast.swift in Sources */ = {isa = PBXBuildFile; fileRef = FE73F01828DA08C400D006FA /* CodableForecast.swift */; };
		FE78C5C028D5CE1700C5D435 /* WeatherSevice.swift in Sources */ = {isa = PBXBuildFile; fileRef = FE78C5BF28D5CE1700C5D435 /* WeatherSevice.swift */; };
		FE78C5C228D5CF3000C5D435 /* WeatherService+Location.swift in Sources */ = {isa = PBXBuildFile; fileRef = FE78C5C128D5CF3000C5D435 /* WeatherService+Location.swift */; };
		FEA8C66E28D77240000CF39B /* String+WeatherSymbol.swift in Sources */ = {isa = PBXBuildFile; fileRef = FEA8C66D28D77240000CF39B /* String+WeatherSymbol.swift */; };
		FEA8C67128D7841F000CF39B /* CodableCurrentWeather.swift in Sources */ = {isa = PBXBuildFile; fileRef = FEA8C67028D7841F000CF39B /* CodableCurrentWeather.swift */; };
		FEA8C67328D7899D000CF39B /* WeatherService+Api.swift in Sources */ = {isa = PBXBuildFile; fileRef = FEA8C67228D7899D000CF39B /* WeatherService+Api.swift */; };
		FEA8C67528D78AFF000CF39B /* ApiError.swift in Sources */ = {isa = PBXBuildFile; fileRef = FEA8C67428D78AFF000CF39B /* ApiError.swift */; };
/* End PBXBuildFile section */

/* Begin PBXFileReference section */
		FE0CB70E28D215AE00E3E36F /* KxWeather.app */ = {isa = PBXFileReference; explicitFileType = wrapper.application; includeInIndex = 0; path = KxWeather.app; sourceTree = BUILT_PRODUCTS_DIR; };
		FE0CB71128D215AE00E3E36F /* KxWeatherApp.swift */ = {isa = PBXFileReference; lastKnownFileType = sourcecode.swift; path = KxWeatherApp.swift; sourceTree = "<group>"; };
		FE0CB71528D215B100E3E36F /* Assets.xcassets */ = {isa = PBXFileReference; lastKnownFileType = folder.assetcatalog; path = Assets.xcassets; sourceTree = "<group>"; };
		FE0CB71828D215B100E3E36F /* Preview Assets.xcassets */ = {isa = PBXFileReference; lastKnownFileType = folder.assetcatalog; path = "Preview Assets.xcassets"; sourceTree = "<group>"; };
		FE0CB72328D2233200E3E36F /* MainView.swift */ = {isa = PBXFileReference; lastKnownFileType = sourcecode.swift; path = MainView.swift; sourceTree = "<group>"; };
		FE0CB72528D223E400E3E36F /* CurrentWeather.swift */ = {isa = PBXFileReference; lastKnownFileType = sourcecode.swift; path = CurrentWeather.swift; sourceTree = "<group>"; };
		FE0CB72728D224CC00E3E36F /* Double+TemperatureString.swift */ = {isa = PBXFileReference; lastKnownFileType = sourcecode.swift; path = "Double+TemperatureString.swift"; sourceTree = "<group>"; };
		FE0CB72928D225A800E3E36F /* Forecast.swift */ = {isa = PBXFileReference; lastKnownFileType = sourcecode.swift; path = Forecast.swift; sourceTree = "<group>"; };
		FE0CB72B28D373B500E3E36F /* BackgroundView.swift */ = {isa = PBXFileReference; lastKnownFileType = sourcecode.swift; path = BackgroundView.swift; sourceTree = "<group>"; };
		FE0CB72D28D3741800E3E36F /* WeatherContentView.swift */ = {isa = PBXFileReference; lastKnownFileType = sourcecode.swift; path = WeatherContentView.swift; sourceTree = "<group>"; };
		FE0CB72F28D3747C00E3E36F /* CurrentWeatherView.swift */ = {isa = PBXFileReference; lastKnownFileType = sourcecode.swift; path = CurrentWeatherView.swift; sourceTree = "<group>"; };
		FE0CB73128D374AB00E3E36F /* ForecastView.swift */ = {isa = PBXFileReference; lastKnownFileType = sourcecode.swift; path = ForecastView.swift; sourceTree = "<group>"; };
		FE73F01828DA08C400D006FA /* CodableForecast.swift */ = {isa = PBXFileReference; lastKnownFileType = sourcecode.swift; path = CodableForecast.swift; sourceTree = "<group>"; };
		FE78C5BF28D5CE1700C5D435 /* WeatherSevice.swift */ = {isa = PBXFileReference; lastKnownFileType = sourcecode.swift; path = WeatherSevice.swift; sourceTree = "<group>"; };
		FE78C5C128D5CF3000C5D435 /* WeatherService+Location.swift */ = {isa = PBXFileReference; lastKnownFileType = sourcecode.swift; path = "WeatherService+Location.swift"; sourceTree = "<group>"; };
		FEA8C66C28D75EBA000CF39B /* GangnamStation.gpx */ = {isa = PBXFileReference; lastKnownFileType = text.xml; path = GangnamStation.gpx; sourceTree = "<group>"; };
		FEA8C66D28D77240000CF39B /* String+WeatherSymbol.swift */ = {isa = PBXFileReference; lastKnownFileType = sourcecode.swift; path = "String+WeatherSymbol.swift"; sourceTree = "<group>"; };
		FEA8C67028D7841F000CF39B /* CodableCurrentWeather.swift */ = {isa = PBXFileReference; lastKnownFileType = sourcecode.swift; path = CodableCurrentWeather.swift; sourceTree = "<group>"; };
		FEA8C67228D7899D000CF39B /* WeatherService+Api.swift */ = {isa = PBXFileReference; lastKnownFileType = sourcecode.swift; path = "WeatherService+Api.swift"; sourceTree = "<group>"; };
		FEA8C67428D78AFF000CF39B /* ApiError.swift */ = {isa = PBXFileReference; lastKnownFileType = sourcecode.swift; path = ApiError.swift; sourceTree = "<group>"; };
/* End PBXFileReference section */

/* Begin PBXFrameworksBuildPhase section */
		FE0CB70B28D215AE00E3E36F /* Frameworks */ = {
			isa = PBXFrameworksBuildPhase;
			buildActionMask = 2147483647;
			files = (
			);
			runOnlyForDeploymentPostprocessing = 0;
		};
/* End PBXFrameworksBuildPhase section */

/* Begin PBXGroup section */
		FE0CB70528D215AE00E3E36F = {
			isa = PBXGroup;
			children = (
				FE0CB71028D215AE00E3E36F /* KxWeather */,
				FE0CB70F28D215AE00E3E36F /* Products */,
			);
			sourceTree = "<group>";
		};
		FE0CB70F28D215AE00E3E36F /* Products */ = {
			isa = PBXGroup;
			children = (
				FE0CB70E28D215AE00E3E36F /* KxWeather.app */,
			);
			name = Products;
			sourceTree = "<group>";
		};
		FE0CB71028D215AE00E3E36F /* KxWeather */ = {
			isa = PBXGroup;
			children = (
				FE0CB72228D222F400E3E36F /* View */,
				FE0CB72128D222E100E3E36F /* Extension */,
				FE0CB72028D222CC00E3E36F /* Service */,
				FE0CB71F28D222BE00E3E36F /* Model */,
				FE0CB71128D215AE00E3E36F /* KxWeatherApp.swift */,
				FE0CB71528D215B100E3E36F /* Assets.xcassets */,
				FEA8C66C28D75EBA000CF39B /* GangnamStation.gpx */,
				FE0CB71728D215B100E3E36F /* Preview Content */,
			);
			path = KxWeather;
			sourceTree = "<group>";
		};
		FE0CB71728D215B100E3E36F /* Preview Content */ = {
			isa = PBXGroup;
			children = (
				FE0CB71828D215B100E3E36F /* Preview Assets.xcassets */,
			);
			path = "Preview Content";
			sourceTree = "<group>";
		};
		FE0CB71F28D222BE00E3E36F /* Model */ = {
			isa = PBXGroup;
			children = (
				FE0CB72528D223E400E3E36F /* CurrentWeather.swift */,
				FE0CB72928D225A800E3E36F /* Forecast.swift */,
			);
			path = Model;
			sourceTree = "<group>";
		};
		FE0CB72028D222CC00E3E36F /* Service */ = {
			isa = PBXGroup;
			children = (
				FEA8C66F28D783FE000CF39B /* Model */,
				FE78C5BF28D5CE1700C5D435 /* WeatherSevice.swift */,
				FE78C5C128D5CF3000C5D435 /* WeatherService+Location.swift */,
				FEA8C67228D7899D000CF39B /* WeatherService+Api.swift */,
			);
			path = Service;
			sourceTree = "<group>";
		};
		FE0CB72128D222E100E3E36F /* Extension */ = {
			isa = PBXGroup;
			children = (
				FE0CB72728D224CC00E3E36F /* Double+TemperatureString.swift */,
				FEA8C66D28D77240000CF39B /* String+WeatherSymbol.swift */,
			);
			path = Extension;
			sourceTree = "<group>";
		};
		FE0CB72228D222F400E3E36F /* View */ = {
			isa = PBXGroup;
			children = (
				FE0CB72328D2233200E3E36F /* MainView.swift */,
				FE0CB72B28D373B500E3E36F /* BackgroundView.swift */,
				FE0CB72D28D3741800E3E36F /* WeatherContentView.swift */,
				FE0CB72F28D3747C00E3E36F /* CurrentWeatherView.swift */,
				FE0CB73128D374AB00E3E36F /* ForecastView.swift */,
			);
			path = View;
			sourceTree = "<group>";
		};
		FEA8C66F28D783FE000CF39B /* Model */ = {
			isa = PBXGroup;
			children = (
				FEA8C67028D7841F000CF39B /* CodableCurrentWeather.swift */,
				FE73F01828DA08C400D006FA /* CodableForecast.swift */,
				FEA8C67428D78AFF000CF39B /* ApiError.swift */,
			);
			path = Model;
			sourceTree = "<group>";
		};
/* End PBXGroup section */

/* Begin PBXNativeTarget section */
		FE0CB70D28D215AE00E3E36F /* KxWeather */ = {
			isa = PBXNativeTarget;
			buildConfigurationList = FE0CB71C28D215B100E3E36F /* Build configuration list for PBXNativeTarget "KxWeather" */;
			buildPhases = (
				FE0CB70A28D215AE00E3E36F /* Sources */,
				FE0CB70B28D215AE00E3E36F /* Frameworks */,
				FE0CB70C28D215AE00E3E36F /* Resources */,
			);
			buildRules = (
			);
			dependencies = (
			);
			name = KxWeather;
			productName = KxWeather;
			productReference = FE0CB70E28D215AE00E3E36F /* KxWeather.app */;
			productType = "com.apple.product-type.application";
		};
/* End PBXNativeTarget section */

/* Begin PBXProject section */
		FE0CB70628D215AE00E3E36F /* Project object */ = {
			isa = PBXProject;
			attributes = {
				BuildIndependentTargetsInParallel = 1;
				LastSwiftUpdateCheck = 1340;
				LastUpgradeCheck = 1340;
				TargetAttributes = {
					FE0CB70D28D215AE00E3E36F = {
						CreatedOnToolsVersion = 13.4.1;
					};
				};
			};
			buildConfigurationList = FE0CB70928D215AE00E3E36F /* Build configuration list for PBXProject "KxWeather" */;
			compatibilityVersion = "Xcode 13.0";
			developmentRegion = en;
			hasScannedForEncodings = 0;
			knownRegions = (
				en,
				Base,
			);
			mainGroup = FE0CB70528D215AE00E3E36F;
			productRefGroup = FE0CB70F28D215AE00E3E36F /* Products */;
			projectDirPath = "";
			projectRoot = "";
			targets = (
				FE0CB70D28D215AE00E3E36F /* KxWeather */,
			);
		};
/* End PBXProject section */

/* Begin PBXResourcesBuildPhase section */
		FE0CB70C28D215AE00E3E36F /* Resources */ = {
			isa = PBXResourcesBuildPhase;
			buildActionMask = 2147483647;
			files = (
				FE0CB71928D215B100E3E36F /* Preview Assets.xcassets in Resources */,
				FE0CB71628D215B100E3E36F /* Assets.xcassets in Resources */,
			);
			runOnlyForDeploymentPostprocessing = 0;
		};
/* End PBXResourcesBuildPhase section */

/* Begin PBXSourcesBuildPhase section */
		FE0CB70A28D215AE00E3E36F /* Sources */ = {
			isa = PBXSourcesBuildPhase;
			buildActionMask = 2147483647;
			files = (
				FE0CB72E28D3741800E3E36F /* WeatherContentView.swift in Sources */,
				FE73F01928DA08C400D006FA /* CodableForecast.swift in Sources */,
				FEA8C67128D7841F000CF39B /* CodableCurrentWeather.swift in Sources */,
				FEA8C66E28D77240000CF39B /* String+WeatherSymbol.swift in Sources */,
				FE0CB73028D3747C00E3E36F /* CurrentWeatherView.swift in Sources */,
				FE0CB72C28D373B500E3E36F /* BackgroundView.swift in Sources */,
				FE0CB72828D224CC00E3E36F /* Double+TemperatureString.swift in Sources */,
				FE0CB71228D215AE00E3E36F /* KxWeatherApp.swift in Sources */,
				FE0CB73228D374AB00E3E36F /* ForecastView.swift in Sources */,
				FEA8C67528D78AFF000CF39B /* ApiError.swift in Sources */,
				FE0CB72628D223E400E3E36F /* CurrentWeather.swift in Sources */,
				FE78C5C228D5CF3000C5D435 /* WeatherService+Location.swift in Sources */,
				FE0CB72428D2233200E3E36F /* MainView.swift in Sources */,
				FEA8C67328D7899D000CF39B /* WeatherService+Api.swift in Sources */,
				FE0CB72A28D225A800E3E36F /* Forecast.swift in Sources */,
				FE78C5C028D5CE1700C5D435 /* WeatherSevice.swift in Sources */,
			);
			runOnlyForDeploymentPostprocessing = 0;
		};
/* End PBXSourcesBuildPhase section */

/* Begin XCBuildConfiguration section */
		FE0CB71A28D215B100E3E36F /* Debug */ = {
			isa = XCBuildConfiguration;
			buildSettings = {
				ALWAYS_SEARCH_USER_PATHS = NO;
				CLANG_ANALYZER_NONNULL = YES;
				CLANG_ANALYZER_NUMBER_OBJECT_CONVERSION = YES_AGGRESSIVE;
				CLANG_CXX_LANGUAGE_STANDARD = "gnu++17";
				CLANG_ENABLE_MODULES = YES;
				CLANG_ENABLE_OBJC_ARC = YES;
				CLANG_ENABLE_OBJC_WEAK = YES;
				CLANG_WARN_BLOCK_CAPTURE_AUTORELEASING = YES;
				CLANG_WARN_BOOL_CONVERSION = YES;
				CLANG_WARN_COMMA = YES;
				CLANG_WARN_CONSTANT_CONVERSION = YES;
				CLANG_WARN_DEPRECATED_OBJC_IMPLEMENTATIONS = YES;
				CLANG_WARN_DIRECT_OBJC_ISA_USAGE = YES_ERROR;
				CLANG_WARN_DOCUMENTATION_COMMENTS = YES;
				CLANG_WARN_EMPTY_BODY = YES;
				CLANG_WARN_ENUM_CONVERSION = YES;
				CLANG_WARN_INFINITE_RECURSION = YES;
				CLANG_WARN_INT_CONVERSION = YES;
				CLANG_WARN_NON_LITERAL_NULL_CONVERSION = YES;
				CLANG_WARN_OBJC_IMPLICIT_RETAIN_SELF = YES;
				CLANG_WARN_OBJC_LITERAL_CONVERSION = YES;
				CLANG_WARN_OBJC_ROOT_CLASS = YES_ERROR;
				CLANG_WARN_QUOTED_INCLUDE_IN_FRAMEWORK_HEADER = YES;
				CLANG_WARN_RANGE_LOOP_ANALYSIS = YES;
				CLANG_WARN_STRICT_PROTOTYPES = YES;
				CLANG_WARN_SUSPICIOUS_MOVE = YES;
				CLANG_WARN_UNGUARDED_AVAILABILITY = YES_AGGRESSIVE;
				CLANG_WARN_UNREACHABLE_CODE = YES;
				CLANG_WARN__DUPLICATE_METHOD_MATCH = YES;
				COPY_PHASE_STRIP = NO;
				DEBUG_INFORMATION_FORMAT = dwarf;
				ENABLE_STRICT_OBJC_MSGSEND = YES;
				ENABLE_TESTABILITY = YES;
				GCC_C_LANGUAGE_STANDARD = gnu11;
				GCC_DYNAMIC_NO_PIC = NO;
				GCC_NO_COMMON_BLOCKS = YES;
				GCC_OPTIMIZATION_LEVEL = 0;
				GCC_PREPROCESSOR_DEFINITIONS = (
					"DEBUG=1",
					"$(inherited)",
				);
				GCC_WARN_64_TO_32_BIT_CONVERSION = YES;
				GCC_WARN_ABOUT_RETURN_TYPE = YES_ERROR;
				GCC_WARN_UNDECLARED_SELECTOR = YES;
				GCC_WARN_UNINITIALIZED_AUTOS = YES_AGGRESSIVE;
				GCC_WARN_UNUSED_FUNCTION = YES;
				GCC_WARN_UNUSED_VARIABLE = YES;
				IPHONEOS_DEPLOYMENT_TARGET = 15.5;
				MTL_ENABLE_DEBUG_INFO = INCLUDE_SOURCE;
				MTL_FAST_MATH = YES;
				ONLY_ACTIVE_ARCH = YES;
				SDKROOT = iphoneos;
				SWIFT_ACTIVE_COMPILATION_CONDITIONS = DEBUG;
				SWIFT_OPTIMIZATION_LEVEL = "-Onone";
			};
			name = Debug;
		};
		FE0CB71B28D215B100E3E36F /* Release */ = {
			isa = XCBuildConfiguration;
			buildSettings = {
				ALWAYS_SEARCH_USER_PATHS = NO;
				CLANG_ANALYZER_NONNULL = YES;
				CLANG_ANALYZER_NUMBER_OBJECT_CONVERSION = YES_AGGRESSIVE;
				CLANG_CXX_LANGUAGE_STANDARD = "gnu++17";
				CLANG_ENABLE_MODULES = YES;
				CLANG_ENABLE_OBJC_ARC = YES;
				CLANG_ENABLE_OBJC_WEAK = YES;
				CLANG_WARN_BLOCK_CAPTURE_AUTORELEASING = YES;
				CLANG_WARN_BOOL_CONVERSION = YES;
				CLANG_WARN_COMMA = YES;
				CLANG_WARN_CONSTANT_CONVERSION = YES;
				CLANG_WARN_DEPRECATED_OBJC_IMPLEMENTATIONS = YES;
				CLANG_WARN_DIRECT_OBJC_ISA_USAGE = YES_ERROR;
				CLANG_WARN_DOCUMENTATION_COMMENTS = YES;
				CLANG_WARN_EMPTY_BODY = YES;
				CLANG_WARN_ENUM_CONVERSION = YES;
				CLANG_WARN_INFINITE_RECURSION = YES;
				CLANG_WARN_INT_CONVERSION = YES;
				CLANG_WARN_NON_LITERAL_NULL_CONVERSION = YES;
				CLANG_WARN_OBJC_IMPLICIT_RETAIN_SELF = YES;
				CLANG_WARN_OBJC_LITERAL_CONVERSION = YES;
				CLANG_WARN_OBJC_ROOT_CLASS = YES_ERROR;
				CLANG_WARN_QUOTED_INCLUDE_IN_FRAMEWORK_HEADER = YES;
				CLANG_WARN_RANGE_LOOP_ANALYSIS = YES;
				CLANG_WARN_STRICT_PROTOTYPES = YES;
				CLANG_WARN_SUSPICIOUS_MOVE = YES;
				CLANG_WARN_UNGUARDED_AVAILABILITY = YES_AGGRESSIVE;
				CLANG_WARN_UNREACHABLE_CODE = YES;
				CLANG_WARN__DUPLICATE_METHOD_MATCH = YES;
				COPY_PHASE_STRIP = NO;
				DEBUG_INFORMATION_FORMAT = "dwarf-with-dsym";
				ENABLE_NS_ASSERTIONS = NO;
				ENABLE_STRICT_OBJC_MSGSEND = YES;
				GCC_C_LANGUAGE_STANDARD = gnu11;
				GCC_NO_COMMON_BLOCKS = YES;
				GCC_WARN_64_TO_32_BIT_CONVERSION = YES;
				GCC_WARN_ABOUT_RETURN_TYPE = YES_ERROR;
				GCC_WARN_UNDECLARED_SELECTOR = YES;
				GCC_WARN_UNINITIALIZED_AUTOS = YES_AGGRESSIVE;
				GCC_WARN_UNUSED_FUNCTION = YES;
				GCC_WARN_UNUSED_VARIABLE = YES;
				IPHONEOS_DEPLOYMENT_TARGET = 15.5;
				MTL_ENABLE_DEBUG_INFO = NO;
				MTL_FAST_MATH = YES;
				SDKROOT = iphoneos;
				SWIFT_COMPILATION_MODE = wholemodule;
				SWIFT_OPTIMIZATION_LEVEL = "-O";
				VALIDATE_PRODUCT = YES;
			};
			name = Release;
		};
		FE0CB71D28D215B100E3E36F /* Debug */ = {
			isa = XCBuildConfiguration;
			buildSettings = {
				ASSETCATALOG_COMPILER_APPICON_NAME = AppIcon;
				ASSETCATALOG_COMPILER_GLOBAL_ACCENT_COLOR_NAME = AccentColor;
				CODE_SIGN_STYLE = Automatic;
				CURRENT_PROJECT_VERSION = 1;
				DEVELOPMENT_ASSET_PATHS = "\"KxWeather/Preview Content\"";
				DEVELOPMENT_TEAM = YWSA3TX7T7;
				ENABLE_PREVIEWS = YES;
				GENERATE_INFOPLIST_FILE = YES;
				INFOPLIST_KEY_NSLocationWhenInUseUsageDescription = "현재 위치에서 날씨 정보를 요청합니다.";
				INFOPLIST_KEY_UIApplicationSceneManifest_Generation = YES;
				INFOPLIST_KEY_UIApplicationSupportsIndirectInputEvents = YES;
				INFOPLIST_KEY_UILaunchScreen_Generation = YES;
				INFOPLIST_KEY_UISupportedInterfaceOrientations_iPad = "UIInterfaceOrientationPortrait UIInterfaceOrientationPortraitUpsideDown UIInterfaceOrientationLandscapeLeft UIInterfaceOrientationLandscapeRight";
				INFOPLIST_KEY_UISupportedInterfaceOrientations_iPhone = "UIInterfaceOrientationPortrait UIInterfaceOrientationLandscapeLeft UIInterfaceOrientationLandscapeRight";
				IPHONEOS_DEPLOYMENT_TARGET = 15.0;
				LD_RUNPATH_SEARCH_PATHS = (
					"$(inherited)",
					"@executable_path/Frameworks",
				);
				MARKETING_VERSION = 1.0;
				PRODUCT_BUNDLE_IDENTIFIER = com.kobong.KxWeather;
				PRODUCT_NAME = "$(TARGET_NAME)";
				SWIFT_EMIT_LOC_STRINGS = YES;
				SWIFT_VERSION = 5.0;
				TARGETED_DEVICE_FAMILY = "1,2";
			};
			name = Debug;
		};
		FE0CB71E28D215B100E3E36F /* Release */ = {
			isa = XCBuildConfiguration;
			buildSettings = {
				ASSETCATALOG_COMPILER_APPICON_NAME = AppIcon;
				ASSETCATALOG_COMPILER_GLOBAL_ACCENT_COLOR_NAME = AccentColor;
				CODE_SIGN_STYLE = Automatic;
				CURRENT_PROJECT_VERSION = 1;
				DEVELOPMENT_ASSET_PATHS = "\"KxWeather/Preview Content\"";
				DEVELOPMENT_TEAM = YWSA3TX7T7;
				ENABLE_PREVIEWS = YES;
				GENERATE_INFOPLIST_FILE = YES;
				INFOPLIST_KEY_NSLocationWhenInUseUsageDescription = "현재 위치에서 날씨 정보를 요청합니다.";
				INFOPLIST_KEY_UIApplicationSceneManifest_Generation = YES;
				INFOPLIST_KEY_UIApplicationSupportsIndirectInputEvents = YES;
				INFOPLIST_KEY_UILaunchScreen_Generation = YES;
				INFOPLIST_KEY_UISupportedInterfaceOrientations_iPad = "UIInterfaceOrientationPortrait UIInterfaceOrientationPortraitUpsideDown UIInterfaceOrientationLandscapeLeft UIInterfaceOrientationLandscapeRight";
				INFOPLIST_KEY_UISupportedInterfaceOrientations_iPhone = "UIInterfaceOrientationPortrait UIInterfaceOrientationLandscapeLeft UIInterfaceOrientationLandscapeRight";
				IPHONEOS_DEPLOYMENT_TARGET = 15.0;
				LD_RUNPATH_SEARCH_PATHS = (
					"$(inherited)",
					"@executable_path/Frameworks",
				);
				MARKETING_VERSION = 1.0;
				PRODUCT_BUNDLE_IDENTIFIER = com.kobong.KxWeather;
				PRODUCT_NAME = "$(TARGET_NAME)";
				SWIFT_EMIT_LOC_STRINGS = YES;
				SWIFT_VERSION = 5.0;
				TARGETED_DEVICE_FAMILY = "1,2";
			};
			name = Release;
		};
/* End XCBuildConfiguration section */

/* Begin XCConfigurationList section */
		FE0CB70928D215AE00E3E36F /* Build configuration list for PBXProject "KxWeather" */ = {
			isa = XCConfigurationList;
			buildConfigurations = (
				FE0CB71A28D215B100E3E36F /* Debug */,
				FE0CB71B28D215B100E3E36F /* Release */,
			);
			defaultConfigurationIsVisible = 0;
			defaultConfigurationName = Release;
		};
		FE0CB71C28D215B100E3E36F /* Build configuration list for PBXNativeTarget "KxWeather" */ = {
			isa = XCConfigurationList;
			buildConfigurations = (
				FE0CB71D28D215B100E3E36F /* Debug */,
				FE0CB71E28D215B100E3E36F /* Release */,
			);
			defaultConfigurationIsVisible = 0;
			defaultConfigurationName = Release;
		};
/* End XCConfigurationList section */
	};
	rootObject = FE0CB70628D215AE00E3E36F /* Project object */;
}
