// !$*UTF8*$!
{
	archiveVersion = 1;
	classes = {
	};
	objectVersion = 55;
	objects = {

/* Begin PBXBuildFile section */
		FE54645228C4DD4400476CD9 /* AppDelegate.swift in Sources */ = {isa = PBXBuildFile; fileRef = FE54645128C4DD4400476CD9 /* AppDelegate.swift */; };
		FE54645428C4DD4400476CD9 /* SceneDelegate.swift in Sources */ = {isa = PBXBuildFile; fileRef = FE54645328C4DD4400476CD9 /* SceneDelegate.swift */; };
		FE54645628C4DD4400476CD9 /* ViewController.swift in Sources */ = {isa = PBXBuildFile; fileRef = FE54645528C4DD4400476CD9 /* ViewController.swift */; };
		FE54645928C4DD4400476CD9 /* Main.storyboard in Resources */ = {isa = PBXBuildFile; fileRef = FE54645728C4DD4400476CD9 /* Main.storyboard */; };
		FE54645B28C4DD4600476CD9 /* Assets.xcassets in Resources */ = {isa = PBXBuildFile; fileRef = FE54645A28C4DD4600476CD9 /* Assets.xcassets */; };
		FE54645E28C4DD4600476CD9 /* LaunchScreen.storyboard in Resources */ = {isa = PBXBuildFile; fileRef = FE54645C28C4DD4600476CD9 /* LaunchScreen.storyboard */; };
		FE54646728C4DFA000476CD9 /* Weather.swift in Sources */ = {isa = PBXBuildFile; fileRef = FE54646628C4DFA000476CD9 /* Weather.swift */; };
		FE54646A28C4E0E100476CD9 /* WebService.swift in Sources */ = {isa = PBXBuildFile; fileRef = FE54646928C4E0E100476CD9 /* WebService.swift */; };
		FE54646D28C4E0FF00476CD9 /* Constants.swift in Sources */ = {isa = PBXBuildFile; fileRef = FE54646C28C4E0FF00476CD9 /* Constants.swift */; };
/* End PBXBuildFile section */

/* Begin PBXFileReference section */
		FE54644E28C4DD4400476CD9 /* WeatherAppCombine.app */ = {isa = PBXFileReference; explicitFileType = wrapper.application; includeInIndex = 0; path = WeatherAppCombine.app; sourceTree = BUILT_PRODUCTS_DIR; };
		FE54645128C4DD4400476CD9 /* AppDelegate.swift */ = {isa = PBXFileReference; lastKnownFileType = sourcecode.swift; path = AppDelegate.swift; sourceTree = "<group>"; };
		FE54645328C4DD4400476CD9 /* SceneDelegate.swift */ = {isa = PBXFileReference; lastKnownFileType = sourcecode.swift; path = SceneDelegate.swift; sourceTree = "<group>"; };
		FE54645528C4DD4400476CD9 /* ViewController.swift */ = {isa = PBXFileReference; lastKnownFileType = sourcecode.swift; path = ViewController.swift; sourceTree = "<group>"; };
		FE54645828C4DD4400476CD9 /* Base */ = {isa = PBXFileReference; lastKnownFileType = file.storyboard; name = Base; path = Base.lproj/Main.storyboard; sourceTree = "<group>"; };
		FE54645A28C4DD4600476CD9 /* Assets.xcassets */ = {isa = PBXFileReference; lastKnownFileType = folder.assetcatalog; path = Assets.xcassets; sourceTree = "<group>"; };
		FE54645D28C4DD4600476CD9 /* Base */ = {isa = PBXFileReference; lastKnownFileType = file.storyboard; name = Base; path = Base.lproj/LaunchScreen.storyboard; sourceTree = "<group>"; };
		FE54645F28C4DD4600476CD9 /* Info.plist */ = {isa = PBXFileReference; lastKnownFileType = text.plist.xml; path = Info.plist; sourceTree = "<group>"; };
		FE54646628C4DFA000476CD9 /* Weather.swift */ = {isa = PBXFileReference; lastKnownFileType = sourcecode.swift; path = Weather.swift; sourceTree = "<group>"; };
		FE54646928C4E0E100476CD9 /* WebService.swift */ = {isa = PBXFileReference; lastKnownFileType = sourcecode.swift; path = WebService.swift; sourceTree = "<group>"; };
		FE54646C28C4E0FF00476CD9 /* Constants.swift */ = {isa = PBXFileReference; lastKnownFileType = sourcecode.swift; path = Constants.swift; sourceTree = "<group>"; };
/* End PBXFileReference section */

/* Begin PBXFrameworksBuildPhase section */
		FE54644B28C4DD4400476CD9 /* Frameworks */ = {
			isa = PBXFrameworksBuildPhase;
			buildActionMask = 2147483647;
			files = (
			);
			runOnlyForDeploymentPostprocessing = 0;
		};
/* End PBXFrameworksBuildPhase section */

/* Begin PBXGroup section */
		FE54644528C4DD4400476CD9 = {
			isa = PBXGroup;
			children = (
				FE54645028C4DD4400476CD9 /* WeatherAppCombine */,
				FE54644F28C4DD4400476CD9 /* Products */,
			);
			sourceTree = "<group>";
		};
		FE54644F28C4DD4400476CD9 /* Products */ = {
			isa = PBXGroup;
			children = (
				FE54644E28C4DD4400476CD9 /* WeatherAppCombine.app */,
			);
			name = Products;
			sourceTree = "<group>";
		};
		FE54645028C4DD4400476CD9 /* WeatherAppCombine */ = {
			isa = PBXGroup;
			children = (
				FE54646B28C4E0F200476CD9 /* Utils */,
				FE54646828C4E0CE00476CD9 /* Services */,
				FE54646528C4DF8F00476CD9 /* Models */,
				FE54645128C4DD4400476CD9 /* AppDelegate.swift */,
				FE54645328C4DD4400476CD9 /* SceneDelegate.swift */,
				FE54645528C4DD4400476CD9 /* ViewController.swift */,
				FE54645728C4DD4400476CD9 /* Main.storyboard */,
				FE54645A28C4DD4600476CD9 /* Assets.xcassets */,
				FE54645C28C4DD4600476CD9 /* LaunchScreen.storyboard */,
				FE54645F28C4DD4600476CD9 /* Info.plist */,
			);
			path = WeatherAppCombine;
			sourceTree = "<group>";
		};
		FE54646528C4DF8F00476CD9 /* Models */ = {
			isa = PBXGroup;
			children = (
				FE54646628C4DFA000476CD9 /* Weather.swift */,
			);
			path = Models;
			sourceTree = "<group>";
		};
		FE54646828C4E0CE00476CD9 /* Services */ = {
			isa = PBXGroup;
			children = (
				FE54646928C4E0E100476CD9 /* WebService.swift */,
			);
			path = Services;
			sourceTree = "<group>";
		};
		FE54646B28C4E0F200476CD9 /* Utils */ = {
			isa = PBXGroup;
			children = (
				FE54646C28C4E0FF00476CD9 /* Constants.swift */,
			);
			path = Utils;
			sourceTree = "<group>";
		};
/* End PBXGroup section */

/* Begin PBXNativeTarget section */
		FE54644D28C4DD4400476CD9 /* WeatherAppCombine */ = {
			isa = PBXNativeTarget;
			buildConfigurationList = FE54646228C4DD4600476CD9 /* Build configuration list for PBXNativeTarget "WeatherAppCombine" */;
			buildPhases = (
				FE54644A28C4DD4400476CD9 /* Sources */,
				FE54644B28C4DD4400476CD9 /* Frameworks */,
				FE54644C28C4DD4400476CD9 /* Resources */,
			);
			buildRules = (
			);
			dependencies = (
			);
			name = WeatherAppCombine;
			productName = WeatherAppCombine;
			productReference = FE54644E28C4DD4400476CD9 /* WeatherAppCombine.app */;
			productType = "com.apple.product-type.application";
		};
/* End PBXNativeTarget section */

/* Begin PBXProject section */
		FE54644628C4DD4400476CD9 /* Project object */ = {
			isa = PBXProject;
			attributes = {
				BuildIndependentTargetsInParallel = 1;
				LastSwiftUpdateCheck = 1340;
				LastUpgradeCheck = 1340;
				TargetAttributes = {
					FE54644D28C4DD4400476CD9 = {
						CreatedOnToolsVersion = 13.4.1;
					};
				};
			};
			buildConfigurationList = FE54644928C4DD4400476CD9 /* Build configuration list for PBXProject "WeatherAppCombine" */;
			compatibilityVersion = "Xcode 13.0";
			developmentRegion = en;
			hasScannedForEncodings = 0;
			knownRegions = (
				en,
				Base,
			);
			mainGroup = FE54644528C4DD4400476CD9;
			productRefGroup = FE54644F28C4DD4400476CD9 /* Products */;
			projectDirPath = "";
			projectRoot = "";
			targets = (
				FE54644D28C4DD4400476CD9 /* WeatherAppCombine */,
			);
		};
/* End PBXProject section */

/* Begin PBXResourcesBuildPhase section */
		FE54644C28C4DD4400476CD9 /* Resources */ = {
			isa = PBXResourcesBuildPhase;
			buildActionMask = 2147483647;
			files = (
				FE54645E28C4DD4600476CD9 /* LaunchScreen.storyboard in Resources */,
				FE54645B28C4DD4600476CD9 /* Assets.xcassets in Resources */,
				FE54645928C4DD4400476CD9 /* Main.storyboard in Resources */,
			);
			runOnlyForDeploymentPostprocessing = 0;
		};
/* End PBXResourcesBuildPhase section */

/* Begin PBXSourcesBuildPhase section */
		FE54644A28C4DD4400476CD9 /* Sources */ = {
			isa = PBXSourcesBuildPhase;
			buildActionMask = 2147483647;
			files = (
				FE54646728C4DFA000476CD9 /* Weather.swift in Sources */,
				FE54645628C4DD4400476CD9 /* ViewController.swift in Sources */,
				FE54645228C4DD4400476CD9 /* AppDelegate.swift in Sources */,
				FE54646A28C4E0E100476CD9 /* WebService.swift in Sources */,
				FE54645428C4DD4400476CD9 /* SceneDelegate.swift in Sources */,
				FE54646D28C4E0FF00476CD9 /* Constants.swift in Sources */,
			);
			runOnlyForDeploymentPostprocessing = 0;
		};
/* End PBXSourcesBuildPhase section */

/* Begin PBXVariantGroup section */
		FE54645728C4DD4400476CD9 /* Main.storyboard */ = {
			isa = PBXVariantGroup;
			children = (
				FE54645828C4DD4400476CD9 /* Base */,
			);
			name = Main.storyboard;
			sourceTree = "<group>";
		};
		FE54645C28C4DD4600476CD9 /* LaunchScreen.storyboard */ = {
			isa = PBXVariantGroup;
			children = (
				FE54645D28C4DD4600476CD9 /* Base */,
			);
			name = LaunchScreen.storyboard;
			sourceTree = "<group>";
		};
/* End PBXVariantGroup section */

/* Begin XCBuildConfiguration section */
		FE54646028C4DD4600476CD9 /* Debug */ = {
			isa = XCBuildConfiguration;
			buildSettings = {
				ALWAYS_SEARCH_USER_PATHS = NO;
				CLANG_ANALYZER_NONNULL = YES;
				CLANG_ANALYZER_NUMBER_OBJECT_CONVERSION = YES_AGGRESSIVE;
				CLANG_CXX_LANGUAGE_STANDARD = "gnu++17";
				CLANG_ENABLE_MODULES = YES;
				CLANG_ENABLE_OBJC_ARC = YES;
				CLANG_ENABLE_OBJC_WEAK = YES;
				CLANG_WARN_BLOCK_CAPTURE_AUTORELEASING = YES;
				CLANG_WARN_BOOL_CONVERSION = YES;
				CLANG_WARN_COMMA = YES;
				CLANG_WARN_CONSTANT_CONVERSION = YES;
				CLANG_WARN_DEPRECATED_OBJC_IMPLEMENTATIONS = YES;
				CLANG_WARN_DIRECT_OBJC_ISA_USAGE = YES_ERROR;
				CLANG_WARN_DOCUMENTATION_COMMENTS = YES;
				CLANG_WARN_EMPTY_BODY = YES;
				CLANG_WARN_ENUM_CONVERSION = YES;
				CLANG_WARN_INFINITE_RECURSION = YES;
				CLANG_WARN_INT_CONVERSION = YES;
				CLANG_WARN_NON_LITERAL_NULL_CONVERSION = YES;
				CLANG_WARN_OBJC_IMPLICIT_RETAIN_SELF = YES;
				CLANG_WARN_OBJC_LITERAL_CONVERSION = YES;
				CLANG_WARN_OBJC_ROOT_CLASS = YES_ERROR;
				CLANG_WARN_QUOTED_INCLUDE_IN_FRAMEWORK_HEADER = YES;
				CLANG_WARN_RANGE_LOOP_ANALYSIS = YES;
				CLANG_WARN_STRICT_PROTOTYPES = YES;
				CLANG_WARN_SUSPICIOUS_MOVE = YES;
				CLANG_WARN_UNGUARDED_AVAILABILITY = YES_AGGRESSIVE;
				CLANG_WARN_UNREACHABLE_CODE = YES;
				CLANG_WARN__DUPLICATE_METHOD_MATCH = YES;
				COPY_PHASE_STRIP = NO;
				DEBUG_INFORMATION_FORMAT = dwarf;
				ENABLE_STRICT_OBJC_MSGSEND = YES;
				ENABLE_TESTABILITY = YES;
				GCC_C_LANGUAGE_STANDARD = gnu11;
				GCC_DYNAMIC_NO_PIC = NO;
				GCC_NO_COMMON_BLOCKS = YES;
				GCC_OPTIMIZATION_LEVEL = 0;
				GCC_PREPROCESSOR_DEFINITIONS = (
					"DEBUG=1",
					"$(inherited)",
				);
				GCC_WARN_64_TO_32_BIT_CONVERSION = YES;
				GCC_WARN_ABOUT_RETURN_TYPE = YES_ERROR;
				GCC_WARN_UNDECLARED_SELECTOR = YES;
				GCC_WARN_UNINITIALIZED_AUTOS = YES_AGGRESSIVE;
				GCC_WARN_UNUSED_FUNCTION = YES;
				GCC_WARN_UNUSED_VARIABLE = YES;
				IPHONEOS_DEPLOYMENT_TARGET = 15.5;
				MTL_ENABLE_DEBUG_INFO = INCLUDE_SOURCE;
				MTL_FAST_MATH = YES;
				ONLY_ACTIVE_ARCH = YES;
				SDKROOT = iphoneos;
				SWIFT_ACTIVE_COMPILATION_CONDITIONS = DEBUG;
				SWIFT_OPTIMIZATION_LEVEL = "-Onone";
			};
			name = Debug;
		};
		FE54646128C4DD4600476CD9 /* Release */ = {
			isa = XCBuildConfiguration;
			buildSettings = {
				ALWAYS_SEARCH_USER_PATHS = NO;
				CLANG_ANALYZER_NONNULL = YES;
				CLANG_ANALYZER_NUMBER_OBJECT_CONVERSION = YES_AGGRESSIVE;
				CLANG_CXX_LANGUAGE_STANDARD = "gnu++17";
				CLANG_ENABLE_MODULES = YES;
				CLANG_ENABLE_OBJC_ARC = YES;
				CLANG_ENABLE_OBJC_WEAK = YES;
				CLANG_WARN_BLOCK_CAPTURE_AUTORELEASING = YES;
				CLANG_WARN_BOOL_CONVERSION = YES;
				CLANG_WARN_COMMA = YES;
				CLANG_WARN_CONSTANT_CONVERSION = YES;
				CLANG_WARN_DEPRECATED_OBJC_IMPLEMENTATIONS = YES;
				CLANG_WARN_DIRECT_OBJC_ISA_USAGE = YES_ERROR;
				CLANG_WARN_DOCUMENTATION_COMMENTS = YES;
				CLANG_WARN_EMPTY_BODY = YES;
				CLANG_WARN_ENUM_CONVERSION = YES;
				CLANG_WARN_INFINITE_RECURSION = YES;
				CLANG_WARN_INT_CONVERSION = YES;
				CLANG_WARN_NON_LITERAL_NULL_CONVERSION = YES;
				CLANG_WARN_OBJC_IMPLICIT_RETAIN_SELF = YES;
				CLANG_WARN_OBJC_LITERAL_CONVERSION = YES;
				CLANG_WARN_OBJC_ROOT_CLASS = YES_ERROR;
				CLANG_WARN_QUOTED_INCLUDE_IN_FRAMEWORK_HEADER = YES;
				CLANG_WARN_RANGE_LOOP_ANALYSIS = YES;
				CLANG_WARN_STRICT_PROTOTYPES = YES;
				CLANG_WARN_SUSPICIOUS_MOVE = YES;
				CLANG_WARN_UNGUARDED_AVAILABILITY = YES_AGGRESSIVE;
				CLANG_WARN_UNREACHABLE_CODE = YES;
				CLANG_WARN__DUPLICATE_METHOD_MATCH = YES;
				COPY_PHASE_STRIP = NO;
				DEBUG_INFORMATION_FORMAT = "dwarf-with-dsym";
				ENABLE_NS_ASSERTIONS = NO;
				ENABLE_STRICT_OBJC_MSGSEND = YES;
				GCC_C_LANGUAGE_STANDARD = gnu11;
				GCC_NO_COMMON_BLOCKS = YES;
				GCC_WARN_64_TO_32_BIT_CONVERSION = YES;
				GCC_WARN_ABOUT_RETURN_TYPE = YES_ERROR;
				GCC_WARN_UNDECLARED_SELECTOR = YES;
				GCC_WARN_UNINITIALIZED_AUTOS = YES_AGGRESSIVE;
				GCC_WARN_UNUSED_FUNCTION = YES;
				GCC_WARN_UNUSED_VARIABLE = YES;
				IPHONEOS_DEPLOYMENT_TARGET = 15.5;
				MTL_ENABLE_DEBUG_INFO = NO;
				MTL_FAST_MATH = YES;
				SDKROOT = iphoneos;
				SWIFT_COMPILATION_MODE = wholemodule;
				SWIFT_OPTIMIZATION_LEVEL = "-O";
				VALIDATE_PRODUCT = YES;
			};
			name = Release;
		};
		FE54646328C4DD4600476CD9 /* Debug */ = {
			isa = XCBuildConfiguration;
			buildSettings = {
				ASSETCATALOG_COMPILER_APPICON_NAME = AppIcon;
				ASSETCATALOG_COMPILER_GLOBAL_ACCENT_COLOR_NAME = AccentColor;
				CODE_SIGN_STYLE = Automatic;
				CURRENT_PROJECT_VERSION = 1;
				DEVELOPMENT_TEAM = YWSA3TX7T7;
				GENERATE_INFOPLIST_FILE = YES;
				INFOPLIST_FILE = WeatherAppCombine/Info.plist;
				INFOPLIST_KEY_UIApplicationSupportsIndirectInputEvents = YES;
				INFOPLIST_KEY_UILaunchStoryboardName = LaunchScreen;
				INFOPLIST_KEY_UIMainStoryboardFile = Main;
				INFOPLIST_KEY_UISupportedInterfaceOrientations_iPad = "UIInterfaceOrientationPortrait UIInterfaceOrientationPortraitUpsideDown UIInterfaceOrientationLandscapeLeft UIInterfaceOrientationLandscapeRight";
				INFOPLIST_KEY_UISupportedInterfaceOrientations_iPhone = "UIInterfaceOrientationPortrait UIInterfaceOrientationLandscapeLeft UIInterfaceOrientationLandscapeRight";
				LD_RUNPATH_SEARCH_PATHS = (
					"$(inherited)",
					"@executable_path/Frameworks",
				);
				MARKETING_VERSION = 1.0;
				PRODUCT_BUNDLE_IDENTIFIER = com.kobong.WeatherAppCombine;
				PRODUCT_NAME = "$(TARGET_NAME)";
				SWIFT_EMIT_LOC_STRINGS = YES;
				SWIFT_VERSION = 5.0;
				TARGETED_DEVICE_FAMILY = "1,2";
			};
			name = Debug;
		};
		FE54646428C4DD4600476CD9 /* Release */ = {
			isa = XCBuildConfiguration;
			buildSettings = {
				ASSETCATALOG_COMPILER_APPICON_NAME = AppIcon;
				ASSETCATALOG_COMPILER_GLOBAL_ACCENT_COLOR_NAME = AccentColor;
				CODE_SIGN_STYLE = Automatic;
				CURRENT_PROJECT_VERSION = 1;
				DEVELOPMENT_TEAM = YWSA3TX7T7;
				GENERATE_INFOPLIST_FILE = YES;
				INFOPLIST_FILE = WeatherAppCombine/Info.plist;
				INFOPLIST_KEY_UIApplicationSupportsIndirectInputEvents = YES;
				INFOPLIST_KEY_UILaunchStoryboardName = LaunchScreen;
				INFOPLIST_KEY_UIMainStoryboardFile = Main;
				INFOPLIST_KEY_UISupportedInterfaceOrientations_iPad = "UIInterfaceOrientationPortrait UIInterfaceOrientationPortraitUpsideDown UIInterfaceOrientationLandscapeLeft UIInterfaceOrientationLandscapeRight";
				INFOPLIST_KEY_UISupportedInterfaceOrientations_iPhone = "UIInterfaceOrientationPortrait UIInterfaceOrientationLandscapeLeft UIInterfaceOrientationLandscapeRight";
				LD_RUNPATH_SEARCH_PATHS = (
					"$(inherited)",
					"@executable_path/Frameworks",
				);
				MARKETING_VERSION = 1.0;
				PRODUCT_BUNDLE_IDENTIFIER = com.kobong.WeatherAppCombine;
				PRODUCT_NAME = "$(TARGET_NAME)";
				SWIFT_EMIT_LOC_STRINGS = YES;
				SWIFT_VERSION = 5.0;
				TARGETED_DEVICE_FAMILY = "1,2";
			};
			name = Release;
		};
/* End XCBuildConfiguration section */

/* Begin XCConfigurationList section */
		FE54644928C4DD4400476CD9 /* Build configuration list for PBXProject "WeatherAppCombine" */ = {
			isa = XCConfigurationList;
			buildConfigurations = (
				FE54646028C4DD4600476CD9 /* Debug */,
				FE54646128C4DD4600476CD9 /* Release */,
			);
			defaultConfigurationIsVisible = 0;
			defaultConfigurationName = Release;
		};
		FE54646228C4DD4600476CD9 /* Build configuration list for PBXNativeTarget "WeatherAppCombine" */ = {
			isa = XCConfigurationList;
			buildConfigurations = (
				FE54646328C4DD4600476CD9 /* Debug */,
				FE54646428C4DD4600476CD9 /* Release */,
			);
			defaultConfigurationIsVisible = 0;
			defaultConfigurationName = Release;
		};
/* End XCConfigurationList section */
	};
	rootObject = FE54644628C4DD4400476CD9 /* Project object */;
}
