// !$*UTF8*$!
{
	archiveVersion = 1;
	classes = {
	};
	objectVersion = 56;
	objects = {

/* Begin PBXBuildFile section */
		FE869B5B2901A11600F5056E /* AsynAwaitBootcamp.swift in Sources */ = {isa = PBXBuildFile; fileRef = FE869B5A2901A11600F5056E /* AsynAwaitBootcamp.swift */; };
		FEB30ACA28FFEF2900627F01 /* swiftUIConcurrencyApp.swift in Sources */ = {isa = PBXBuildFile; fileRef = FEB30AC928FFEF2900627F01 /* swiftUIConcurrencyApp.swift */; };
		FEB30ACC28FFEF2900627F01 /* ContentView.swift in Sources */ = {isa = PBXBuildFile; fileRef = FEB30ACB28FFEF2900627F01 /* ContentView.swift */; };
		FEB30ACE28FFEF2A00627F01 /* Assets.xcassets in Resources */ = {isa = PBXBuildFile; fileRef = FEB30ACD28FFEF2A00627F01 /* Assets.xcassets */; };
		FEB30AD128FFEF2A00627F01 /* Preview Assets.xcassets in Resources */ = {isa = PBXBuildFile; fileRef = FEB30AD028FFEF2A00627F01 /* Preview Assets.xcassets */; };
		FEB30AD828FFF08900627F01 /* DoCatchTryThrowBootcamp.swift in Sources */ = {isa = PBXBuildFile; fileRef = FEB30AD728FFF08900627F01 /* DoCatchTryThrowBootcamp.swift */; };
		FEE2CEEB2900407D00932074 /* DownloadImageAsync.swift in Sources */ = {isa = PBXBuildFile; fileRef = FEE2CEEA2900407D00932074 /* DownloadImageAsync.swift */; };
/* End PBXBuildFile section */

/* Begin PBXFileReference section */
		FE869B5A2901A11600F5056E /* AsynAwaitBootcamp.swift */ = {isa = PBXFileReference; lastKnownFileType = sourcecode.swift; path = AsynAwaitBootcamp.swift; sourceTree = "<group>"; };
		FEB30AC628FFEF2900627F01 /* swiftUIConcurrency.app */ = {isa = PBXFileReference; explicitFileType = wrapper.application; includeInIndex = 0; path = swiftUIConcurrency.app; sourceTree = BUILT_PRODUCTS_DIR; };
		FEB30AC928FFEF2900627F01 /* swiftUIConcurrencyApp.swift */ = {isa = PBXFileReference; lastKnownFileType = sourcecode.swift; path = swiftUIConcurrencyApp.swift; sourceTree = "<group>"; };
		FEB30ACB28FFEF2900627F01 /* ContentView.swift */ = {isa = PBXFileReference; lastKnownFileType = sourcecode.swift; path = ContentView.swift; sourceTree = "<group>"; };
		FEB30ACD28FFEF2A00627F01 /* Assets.xcassets */ = {isa = PBXFileReference; lastKnownFileType = folder.assetcatalog; path = Assets.xcassets; sourceTree = "<group>"; };
		FEB30AD028FFEF2A00627F01 /* Preview Assets.xcassets */ = {isa = PBXFileReference; lastKnownFileType = folder.assetcatalog; path = "Preview Assets.xcassets"; sourceTree = "<group>"; };
		FEB30AD728FFF08900627F01 /* DoCatchTryThrowBootcamp.swift */ = {isa = PBXFileReference; lastKnownFileType = sourcecode.swift; path = DoCatchTryThrowBootcamp.swift; sourceTree = "<group>"; };
		FEE2CEEA2900407D00932074 /* DownloadImageAsync.swift */ = {isa = PBXFileReference; lastKnownFileType = sourcecode.swift; path = DownloadImageAsync.swift; sourceTree = "<group>"; };
/* End PBXFileReference section */

/* Begin PBXFrameworksBuildPhase section */
		FEB30AC328FFEF2900627F01 /* Frameworks */ = {
			isa = PBXFrameworksBuildPhase;
			buildActionMask = 2147483647;
			files = (
			);
			runOnlyForDeploymentPostprocessing = 0;
		};
/* End PBXFrameworksBuildPhase section */

/* Begin PBXGroup section */
		FEB30ABD28FFEF2900627F01 = {
			isa = PBXGroup;
			children = (
				FEB30AC828FFEF2900627F01 /* swiftUIConcurrency */,
				FEB30AC728FFEF2900627F01 /* Products */,
			);
			sourceTree = "<group>";
		};
		FEB30AC728FFEF2900627F01 /* Products */ = {
			isa = PBXGroup;
			children = (
				FEB30AC628FFEF2900627F01 /* swiftUIConcurrency.app */,
			);
			name = Products;
			sourceTree = "<group>";
		};
		FEB30AC828FFEF2900627F01 /* swiftUIConcurrency */ = {
			isa = PBXGroup;
			children = (
				FEB30AC928FFEF2900627F01 /* swiftUIConcurrencyApp.swift */,
				FEB30ACB28FFEF2900627F01 /* ContentView.swift */,
				FEB30AD728FFF08900627F01 /* DoCatchTryThrowBootcamp.swift */,
				FEB30ACD28FFEF2A00627F01 /* Assets.xcassets */,
				FEB30ACF28FFEF2A00627F01 /* Preview Content */,
				FEE2CEEA2900407D00932074 /* DownloadImageAsync.swift */,
				FE869B5A2901A11600F5056E /* AsynAwaitBootcamp.swift */,
			);
			path = swiftUIConcurrency;
			sourceTree = "<group>";
		};
		FEB30ACF28FFEF2A00627F01 /* Preview Content */ = {
			isa = PBXGroup;
			children = (
				FEB30AD028FFEF2A00627F01 /* Preview Assets.xcassets */,
			);
			path = "Preview Content";
			sourceTree = "<group>";
		};
/* End PBXGroup section */

/* Begin PBXNativeTarget section */
		FEB30AC528FFEF2900627F01 /* swiftUIConcurrency */ = {
			isa = PBXNativeTarget;
			buildConfigurationList = FEB30AD428FFEF2A00627F01 /* Build configuration list for PBXNativeTarget "swiftUIConcurrency" */;
			buildPhases = (
				FEB30AC228FFEF2900627F01 /* Sources */,
				FEB30AC328FFEF2900627F01 /* Frameworks */,
				FEB30AC428FFEF2900627F01 /* Resources */,
			);
			buildRules = (
			);
			dependencies = (
			);
			name = swiftUIConcurrency;
			productName = swiftUIConcurrency;
			productReference = FEB30AC628FFEF2900627F01 /* swiftUIConcurrency.app */;
			productType = "com.apple.product-type.application";
		};
/* End PBXNativeTarget section */

/* Begin PBXProject section */
		FEB30ABE28FFEF2900627F01 /* Project object */ = {
			isa = PBXProject;
			attributes = {
				BuildIndependentTargetsInParallel = 1;
				LastSwiftUpdateCheck = 1400;
				LastUpgradeCheck = 1400;
				TargetAttributes = {
					FEB30AC528FFEF2900627F01 = {
						CreatedOnToolsVersion = 14.0.1;
					};
				};
			};
			buildConfigurationList = FEB30AC128FFEF2900627F01 /* Build configuration list for PBXProject "swiftUIConcurrency" */;
			compatibilityVersion = "Xcode 14.0";
			developmentRegion = en;
			hasScannedForEncodings = 0;
			knownRegions = (
				en,
				Base,
			);
			mainGroup = FEB30ABD28FFEF2900627F01;
			productRefGroup = FEB30AC728FFEF2900627F01 /* Products */;
			projectDirPath = "";
			projectRoot = "";
			targets = (
				FEB30AC528FFEF2900627F01 /* swiftUIConcurrency */,
			);
		};
/* End PBXProject section */

/* Begin PBXResourcesBuildPhase section */
		FEB30AC428FFEF2900627F01 /* Resources */ = {
			isa = PBXResourcesBuildPhase;
			buildActionMask = 2147483647;
			files = (
				FEB30AD128FFEF2A00627F01 /* Preview Assets.xcassets in Resources */,
				FEB30ACE28FFEF2A00627F01 /* Assets.xcassets in Resources */,
			);
			runOnlyForDeploymentPostprocessing = 0;
		};
/* End PBXResourcesBuildPhase section */

/* Begin PBXSourcesBuildPhase section */
		FEB30AC228FFEF2900627F01 /* Sources */ = {
			isa = PBXSourcesBuildPhase;
			buildActionMask = 2147483647;
			files = (
				FEE2CEEB2900407D00932074 /* DownloadImageAsync.swift in Sources */,
				FEB30AD828FFF08900627F01 /* DoCatchTryThrowBootcamp.swift in Sources */,
				FE869B5B2901A11600F5056E /* AsynAwaitBootcamp.swift in Sources */,
				FEB30ACC28FFEF2900627F01 /* ContentView.swift in Sources */,
				FEB30ACA28FFEF2900627F01 /* swiftUIConcurrencyApp.swift in Sources */,
			);
			runOnlyForDeploymentPostprocessing = 0;
		};
/* End PBXSourcesBuildPhase section */

/* Begin XCBuildConfiguration section */
		FEB30AD228FFEF2A00627F01 /* Debug */ = {
			isa = XCBuildConfiguration;
			buildSettings = {
				ALWAYS_SEARCH_USER_PATHS = NO;
				CLANG_ANALYZER_NONNULL = YES;
				CLANG_ANALYZER_NUMBER_OBJECT_CONVERSION = YES_AGGRESSIVE;
				CLANG_CXX_LANGUAGE_STANDARD = "gnu++20";
				CLANG_ENABLE_MODULES = YES;
				CLANG_ENABLE_OBJC_ARC = YES;
				CLANG_ENABLE_OBJC_WEAK = YES;
				CLANG_WARN_BLOCK_CAPTURE_AUTORELEASING = YES;
				CLANG_WARN_BOOL_CONVERSION = YES;
				CLANG_WARN_COMMA = YES;
				CLANG_WARN_CONSTANT_CONVERSION = YES;
				CLANG_WARN_DEPRECATED_OBJC_IMPLEMENTATIONS = YES;
				CLANG_WARN_DIRECT_OBJC_ISA_USAGE = YES_ERROR;
				CLANG_WARN_DOCUMENTATION_COMMENTS = YES;
				CLANG_WARN_EMPTY_BODY = YES;
				CLANG_WARN_ENUM_CONVERSION = YES;
				CLANG_WARN_INFINITE_RECURSION = YES;
				CLANG_WARN_INT_CONVERSION = YES;
				CLANG_WARN_NON_LITERAL_NULL_CONVERSION = YES;
				CLANG_WARN_OBJC_IMPLICIT_RETAIN_SELF = YES;
				CLANG_WARN_OBJC_LITERAL_CONVERSION = YES;
				CLANG_WARN_OBJC_ROOT_CLASS = YES_ERROR;
				CLANG_WARN_QUOTED_INCLUDE_IN_FRAMEWORK_HEADER = YES;
				CLANG_WARN_RANGE_LOOP_ANALYSIS = YES;
				CLANG_WARN_STRICT_PROTOTYPES = YES;
				CLANG_WARN_SUSPICIOUS_MOVE = YES;
				CLANG_WARN_UNGUARDED_AVAILABILITY = YES_AGGRESSIVE;
				CLANG_WARN_UNREACHABLE_CODE = YES;
				CLANG_WARN__DUPLICATE_METHOD_MATCH = YES;
				COPY_PHASE_STRIP = NO;
				DEBUG_INFORMATION_FORMAT = dwarf;
				ENABLE_STRICT_OBJC_MSGSEND = YES;
				ENABLE_TESTABILITY = YES;
				GCC_C_LANGUAGE_STANDARD = gnu11;
				GCC_DYNAMIC_NO_PIC = NO;
				GCC_NO_COMMON_BLOCKS = YES;
				GCC_OPTIMIZATION_LEVEL = 0;
				GCC_PREPROCESSOR_DEFINITIONS = (
					"DEBUG=1",
					"$(inherited)",
				);
				GCC_WARN_64_TO_32_BIT_CONVERSION = YES;
				GCC_WARN_ABOUT_RETURN_TYPE = YES_ERROR;
				GCC_WARN_UNDECLARED_SELECTOR = YES;
				GCC_WARN_UNINITIALIZED_AUTOS = YES_AGGRESSIVE;
				GCC_WARN_UNUSED_FUNCTION = YES;
				GCC_WARN_UNUSED_VARIABLE = YES;
				IPHONEOS_DEPLOYMENT_TARGET = 16.0;
				MTL_ENABLE_DEBUG_INFO = INCLUDE_SOURCE;
				MTL_FAST_MATH = YES;
				ONLY_ACTIVE_ARCH = YES;
				SDKROOT = iphoneos;
				SWIFT_ACTIVE_COMPILATION_CONDITIONS = DEBUG;
				SWIFT_OPTIMIZATION_LEVEL = "-Onone";
			};
			name = Debug;
		};
		FEB30AD328FFEF2A00627F01 /* Release */ = {
			isa = XCBuildConfiguration;
			buildSettings = {
				ALWAYS_SEARCH_USER_PATHS = NO;
				CLANG_ANALYZER_NONNULL = YES;
				CLANG_ANALYZER_NUMBER_OBJECT_CONVERSION = YES_AGGRESSIVE;
				CLANG_CXX_LANGUAGE_STANDARD = "gnu++20";
				CLANG_ENABLE_MODULES = YES;
				CLANG_ENABLE_OBJC_ARC = YES;
				CLANG_ENABLE_OBJC_WEAK = YES;
				CLANG_WARN_BLOCK_CAPTURE_AUTORELEASING = YES;
				CLANG_WARN_BOOL_CONVERSION = YES;
				CLANG_WARN_COMMA = YES;
				CLANG_WARN_CONSTANT_CONVERSION = YES;
				CLANG_WARN_DEPRECATED_OBJC_IMPLEMENTATIONS = YES;
				CLANG_WARN_DIRECT_OBJC_ISA_USAGE = YES_ERROR;
				CLANG_WARN_DOCUMENTATION_COMMENTS = YES;
				CLANG_WARN_EMPTY_BODY = YES;
				CLANG_WARN_ENUM_CONVERSION = YES;
				CLANG_WARN_INFINITE_RECURSION = YES;
				CLANG_WARN_INT_CONVERSION = YES;
				CLANG_WARN_NON_LITERAL_NULL_CONVERSION = YES;
				CLANG_WARN_OBJC_IMPLICIT_RETAIN_SELF = YES;
				CLANG_WARN_OBJC_LITERAL_CONVERSION = YES;
				CLANG_WARN_OBJC_ROOT_CLASS = YES_ERROR;
				CLANG_WARN_QUOTED_INCLUDE_IN_FRAMEWORK_HEADER = YES;
				CLANG_WARN_RANGE_LOOP_ANALYSIS = YES;
				CLANG_WARN_STRICT_PROTOTYPES = YES;
				CLANG_WARN_SUSPICIOUS_MOVE = YES;
				CLANG_WARN_UNGUARDED_AVAILABILITY = YES_AGGRESSIVE;
				CLANG_WARN_UNREACHABLE_CODE = YES;
				CLANG_WARN__DUPLICATE_METHOD_MATCH = YES;
				COPY_PHASE_STRIP = NO;
				DEBUG_INFORMATION_FORMAT = "dwarf-with-dsym";
				ENABLE_NS_ASSERTIONS = NO;
				ENABLE_STRICT_OBJC_MSGSEND = YES;
				GCC_C_LANGUAGE_STANDARD = gnu11;
				GCC_NO_COMMON_BLOCKS = YES;
				GCC_WARN_64_TO_32_BIT_CONVERSION = YES;
				GCC_WARN_ABOUT_RETURN_TYPE = YES_ERROR;
				GCC_WARN_UNDECLARED_SELECTOR = YES;
				GCC_WARN_UNINITIALIZED_AUTOS = YES_AGGRESSIVE;
				GCC_WARN_UNUSED_FUNCTION = YES;
				GCC_WARN_UNUSED_VARIABLE = YES;
				IPHONEOS_DEPLOYMENT_TARGET = 16.0;
				MTL_ENABLE_DEBUG_INFO = NO;
				MTL_FAST_MATH = YES;
				SDKROOT = iphoneos;
				SWIFT_COMPILATION_MODE = wholemodule;
				SWIFT_OPTIMIZATION_LEVEL = "-O";
				VALIDATE_PRODUCT = YES;
			};
			name = Release;
		};
		FEB30AD528FFEF2A00627F01 /* Debug */ = {
			isa = XCBuildConfiguration;
			buildSettings = {
				ASSETCATALOG_COMPILER_APPICON_NAME = AppIcon;
				ASSETCATALOG_COMPILER_GLOBAL_ACCENT_COLOR_NAME = AccentColor;
				CODE_SIGN_STYLE = Automatic;
				CURRENT_PROJECT_VERSION = 1;
				DEVELOPMENT_ASSET_PATHS = "\"swiftUIConcurrency/Preview Content\"";
				DEVELOPMENT_TEAM = YWSA3TX7T7;
				ENABLE_PREVIEWS = YES;
				GENERATE_INFOPLIST_FILE = YES;
				INFOPLIST_KEY_UIApplicationSceneManifest_Generation = YES;
				INFOPLIST_KEY_UIApplicationSupportsIndirectInputEvents = YES;
				INFOPLIST_KEY_UILaunchScreen_Generation = YES;
				INFOPLIST_KEY_UISupportedInterfaceOrientations_iPad = "UIInterfaceOrientationPortrait UIInterfaceOrientationPortraitUpsideDown UIInterfaceOrientationLandscapeLeft UIInterfaceOrientationLandscapeRight";
				INFOPLIST_KEY_UISupportedInterfaceOrientations_iPhone = "UIInterfaceOrientationPortrait UIInterfaceOrientationLandscapeLeft UIInterfaceOrientationLandscapeRight";
				LD_RUNPATH_SEARCH_PATHS = (
					"$(inherited)",
					"@executable_path/Frameworks",
				);
				MARKETING_VERSION = 1.0;
				PRODUCT_BUNDLE_IDENTIFIER = com.kobong.swiftUIConcurrency;
				PRODUCT_NAME = "$(TARGET_NAME)";
				SWIFT_EMIT_LOC_STRINGS = YES;
				SWIFT_VERSION = 5.0;
				TARGETED_DEVICE_FAMILY = "1,2";
			};
			name = Debug;
		};
		FEB30AD628FFEF2A00627F01 /* Release */ = {
			isa = XCBuildConfiguration;
			buildSettings = {
				ASSETCATALOG_COMPILER_APPICON_NAME = AppIcon;
				ASSETCATALOG_COMPILER_GLOBAL_ACCENT_COLOR_NAME = AccentColor;
				CODE_SIGN_STYLE = Automatic;
				CURRENT_PROJECT_VERSION = 1;
				DEVELOPMENT_ASSET_PATHS = "\"swiftUIConcurrency/Preview Content\"";
				DEVELOPMENT_TEAM = YWSA3TX7T7;
				ENABLE_PREVIEWS = YES;
				GENERATE_INFOPLIST_FILE = YES;
				INFOPLIST_KEY_UIApplicationSceneManifest_Generation = YES;
				INFOPLIST_KEY_UIApplicationSupportsIndirectInputEvents = YES;
				INFOPLIST_KEY_UILaunchScreen_Generation = YES;
				INFOPLIST_KEY_UISupportedInterfaceOrientations_iPad = "UIInterfaceOrientationPortrait UIInterfaceOrientationPortraitUpsideDown UIInterfaceOrientationLandscapeLeft UIInterfaceOrientationLandscapeRight";
				INFOPLIST_KEY_UISupportedInterfaceOrientations_iPhone = "UIInterfaceOrientationPortrait UIInterfaceOrientationLandscapeLeft UIInterfaceOrientationLandscapeRight";
				LD_RUNPATH_SEARCH_PATHS = (
					"$(inherited)",
					"@executable_path/Frameworks",
				);
				MARKETING_VERSION = 1.0;
				PRODUCT_BUNDLE_IDENTIFIER = com.kobong.swiftUIConcurrency;
				PRODUCT_NAME = "$(TARGET_NAME)";
				SWIFT_EMIT_LOC_STRINGS = YES;
				SWIFT_VERSION = 5.0;
				TARGETED_DEVICE_FAMILY = "1,2";
			};
			name = Release;
		};
/* End XCBuildConfiguration section */

/* Begin XCConfigurationList section */
		FEB30AC128FFEF2900627F01 /* Build configuration list for PBXProject "swiftUIConcurrency" */ = {
			isa = XCConfigurationList;
			buildConfigurations = (
				FEB30AD228FFEF2A00627F01 /* Debug */,
				FEB30AD328FFEF2A00627F01 /* Release */,
			);
			defaultConfigurationIsVisible = 0;
			defaultConfigurationName = Release;
		};
		FEB30AD428FFEF2A00627F01 /* Build configuration list for PBXNativeTarget "swiftUIConcurrency" */ = {
			isa = XCConfigurationList;
			buildConfigurations = (
				FEB30AD528FFEF2A00627F01 /* Debug */,
				FEB30AD628FFEF2A00627F01 /* Release */,
			);
			defaultConfigurationIsVisible = 0;
			defaultConfigurationName = Release;
		};
/* End XCConfigurationList section */
	};
	rootObject = FEB30ABE28FFEF2900627F01 /* Project object */;
}
