// !$*UTF8*$!
{
	archiveVersion = 1;
	classes = {
	};
	objectVersion = 56;
	objects = {

/* Begin PBXBuildFile section */
		FE155F2C29AB8BF6008E0A43 /* HapticManager.swift in Sources */ = {isa = PBXBuildFile; fileRef = FE155F2B29AB8BF6008E0A43 /* HapticManager.swift */; };
		FE155F3129ABA374008E0A43 /* DetailView.swift in Sources */ = {isa = PBXBuildFile; fileRef = FE155F3029ABA374008E0A43 /* DetailView.swift */; };
		FE176519299149AE00CC2B11 /* SwiftUICryptoApp.swift in Sources */ = {isa = PBXBuildFile; fileRef = FE176518299149AE00CC2B11 /* SwiftUICryptoApp.swift */; };
		FE17651B299149AE00CC2B11 /* ContentView.swift in Sources */ = {isa = PBXBuildFile; fileRef = FE17651A299149AE00CC2B11 /* ContentView.swift */; };
		FE17651D299149B000CC2B11 /* Assets.xcassets in Resources */ = {isa = PBXBuildFile; fileRef = FE17651C299149B000CC2B11 /* Assets.xcassets */; };
		FE176520299149B000CC2B11 /* Preview Assets.xcassets in Resources */ = {isa = PBXBuildFile; fileRef = FE17651F299149B000CC2B11 /* Preview Assets.xcassets */; };
		FE17653429914CF100CC2B11 /* Color+Extenstion.swift in Sources */ = {isa = PBXBuildFile; fileRef = FE17653329914CF100CC2B11 /* Color+Extenstion.swift */; };
		FE17653A29929A4700CC2B11 /* HomeView.swift in Sources */ = {isa = PBXBuildFile; fileRef = FE17653929929A4700CC2B11 /* HomeView.swift */; };
		FE17653E29929B8200CC2B11 /* CircleButtonView.swift in Sources */ = {isa = PBXBuildFile; fileRef = FE17653D29929B8200CC2B11 /* CircleButtonView.swift */; };
		FE17654029929FA000CC2B11 /* CircleButtonAnimationView.swift in Sources */ = {isa = PBXBuildFile; fileRef = FE17653F29929FA000CC2B11 /* CircleButtonAnimationView.swift */; };
		FE19AF9E299BDA5A001D2C6E /* StatisticModel.swift in Sources */ = {isa = PBXBuildFile; fileRef = FE19AF9D299BDA5A001D2C6E /* StatisticModel.swift */; };
		FE19AFA1299BDBA2001D2C6E /* StatisticView.swift in Sources */ = {isa = PBXBuildFile; fileRef = FE19AFA0299BDBA2001D2C6E /* StatisticView.swift */; };
		FE19AFA3299BDEC8001D2C6E /* HomeStatsView.swift in Sources */ = {isa = PBXBuildFile; fileRef = FE19AFA2299BDEC8001D2C6E /* HomeStatsView.swift */; };
		FE2193E02995358D0040529D /* CoinRowView.swift in Sources */ = {isa = PBXBuildFile; fileRef = FE2193DF2995358D0040529D /* CoinRowView.swift */; };
		FE2193E2299535EB0040529D /* PreviewProvider.swift in Sources */ = {isa = PBXBuildFile; fileRef = FE2193E1299535EB0040529D /* PreviewProvider.swift */; };
		FE2193E429953A9A0040529D /* Double+Extension.swift in Sources */ = {isa = PBXBuildFile; fileRef = FE2193E329953A9A0040529D /* Double+Extension.swift */; };
		FE2193E6299544220040529D /* HomeViewModel.swift in Sources */ = {isa = PBXBuildFile; fileRef = FE2193E5299544220040529D /* HomeViewModel.swift */; };
		FE233358299D2CD100475FED /* MarketDataModel.swift in Sources */ = {isa = PBXBuildFile; fileRef = FE233357299D2CD100475FED /* MarketDataModel.swift */; };
		FE23335A299E833F00475FED /* MarketDataService.swift in Sources */ = {isa = PBXBuildFile; fileRef = FE233359299E833F00475FED /* MarketDataService.swift */; };
		FE25806429A6583200623F30 /* PortfolioContainer.xcdatamodeld in Sources */ = {isa = PBXBuildFile; fileRef = FE25806229A6583200623F30 /* PortfolioContainer.xcdatamodeld */; };
		FE25806629A658C300623F30 /* PortfolioDataService.swift in Sources */ = {isa = PBXBuildFile; fileRef = FE25806529A658C300623F30 /* PortfolioDataService.swift */; };
		FE31F8FE29A3BE3000CEC99D /* PortfolioView.swift in Sources */ = {isa = PBXBuildFile; fileRef = FE31F8FD29A3BE3000CEC99D /* PortfolioView.swift */; };
		FE31F90029A3C06C00CEC99D /* XMarkButton.swift in Sources */ = {isa = PBXBuildFile; fileRef = FE31F8FF29A3C06C00CEC99D /* XMarkButton.swift */; };
		FE31F90229A3C3EA00CEC99D /* CoinLogoView.swift in Sources */ = {isa = PBXBuildFile; fileRef = FE31F90129A3C3EA00CEC99D /* CoinLogoView.swift */; };
		FE5B401C299937AE00284F7E /* CoinDataService.swift in Sources */ = {isa = PBXBuildFile; fileRef = FE5B401B299937AE00284F7E /* CoinDataService.swift */; };
		FE5B401F2999425A00284F7E /* NetworkingManager.swift in Sources */ = {isa = PBXBuildFile; fileRef = FE5B401E2999425A00284F7E /* NetworkingManager.swift */; };
		FE5B4022299947D400284F7E /* CoinImageView.swift in Sources */ = {isa = PBXBuildFile; fileRef = FE5B4021299947D400284F7E /* CoinImageView.swift */; };
		FE5B40242999496300284F7E /* CoinImageService.swift in Sources */ = {isa = PBXBuildFile; fileRef = FE5B40232999496300284F7E /* CoinImageService.swift */; };
		FE5B402629994B7E00284F7E /* CoinImageViewModel.swift in Sources */ = {isa = PBXBuildFile; fileRef = FE5B402529994B7E00284F7E /* CoinImageViewModel.swift */; };
		FE5BDF4429B637DF00BFC692 /* ChartView.swift in Sources */ = {isa = PBXBuildFile; fileRef = FE5BDF4329B637DF00BFC692 /* ChartView.swift */; };
		FE72199129ACFD4300544360 /* CoinDetailModel.swift in Sources */ = {isa = PBXBuildFile; fileRef = FE72199029ACFD4300544360 /* CoinDetailModel.swift */; };
		FE72199329ACFDB400544360 /* DetailViewModel.swift in Sources */ = {isa = PBXBuildFile; fileRef = FE72199229ACFDB400544360 /* DetailViewModel.swift */; };
		FE72199529ACFDE900544360 /* CoinDetailDataService.swift in Sources */ = {isa = PBXBuildFile; fileRef = FE72199429ACFDE900544360 /* CoinDetailDataService.swift */; };
		FEB9537F2993E46600EED741 /* CoinModel.swift in Sources */ = {isa = PBXBuildFile; fileRef = FEB9537E2993E46600EED741 /* CoinModel.swift */; };
		FEBADA50299A85DD0028DB0C /* LocalFileManager.swift in Sources */ = {isa = PBXBuildFile; fileRef = FEBADA4F299A85DD0028DB0C /* LocalFileManager.swift */; };
		FEBADA52299A8CF70028DB0C /* SearchBarView.swift in Sources */ = {isa = PBXBuildFile; fileRef = FEBADA51299A8CF70028DB0C /* SearchBarView.swift */; };
		FEBADA54299A91190028DB0C /* UIApllication+Extenstion.swift in Sources */ = {isa = PBXBuildFile; fileRef = FEBADA53299A91190028DB0C /* UIApllication+Extenstion.swift */; };
		FECBCDFE29C0C034009A3291 /* Date+Extension.swift in Sources */ = {isa = PBXBuildFile; fileRef = FECBCDFD29C0C034009A3291 /* Date+Extension.swift */; };
		FECBCE0029C0C873009A3291 /* String+Extension.swift in Sources */ = {isa = PBXBuildFile; fileRef = FECBCDFF29C0C873009A3291 /* String+Extension.swift */; };
/* End PBXBuildFile section */

/* Begin PBXFileReference section */
		FE155F2B29AB8BF6008E0A43 /* HapticManager.swift */ = {isa = PBXFileReference; lastKnownFileType = sourcecode.swift; path = HapticManager.swift; sourceTree = "<group>"; };
		FE155F3029ABA374008E0A43 /* DetailView.swift */ = {isa = PBXFileReference; lastKnownFileType = sourcecode.swift; path = DetailView.swift; sourceTree = "<group>"; };
		FE176515299149AE00CC2B11 /* SwiftUICrypto.app */ = {isa = PBXFileReference; explicitFileType = wrapper.application; includeInIndex = 0; path = SwiftUICrypto.app; sourceTree = BUILT_PRODUCTS_DIR; };
		FE176518299149AE00CC2B11 /* SwiftUICryptoApp.swift */ = {isa = PBXFileReference; lastKnownFileType = sourcecode.swift; path = SwiftUICryptoApp.swift; sourceTree = "<group>"; };
		FE17651A299149AE00CC2B11 /* ContentView.swift */ = {isa = PBXFileReference; lastKnownFileType = sourcecode.swift; path = ContentView.swift; sourceTree = "<group>"; };
		FE17651C299149B000CC2B11 /* Assets.xcassets */ = {isa = PBXFileReference; lastKnownFileType = folder.assetcatalog; path = Assets.xcassets; sourceTree = "<group>"; };
		FE17651F299149B000CC2B11 /* Preview Assets.xcassets */ = {isa = PBXFileReference; lastKnownFileType = folder.assetcatalog; path = "Preview Assets.xcassets"; sourceTree = "<group>"; };
		FE17653329914CF100CC2B11 /* Color+Extenstion.swift */ = {isa = PBXFileReference; lastKnownFileType = sourcecode.swift; path = "Color+Extenstion.swift"; sourceTree = "<group>"; };
		FE17653929929A4700CC2B11 /* HomeView.swift */ = {isa = PBXFileReference; lastKnownFileType = sourcecode.swift; path = HomeView.swift; sourceTree = "<group>"; };
		FE17653D29929B8200CC2B11 /* CircleButtonView.swift */ = {isa = PBXFileReference; lastKnownFileType = sourcecode.swift; path = CircleButtonView.swift; sourceTree = "<group>"; };
		FE17653F29929FA000CC2B11 /* CircleButtonAnimationView.swift */ = {isa = PBXFileReference; lastKnownFileType = sourcecode.swift; path = CircleButtonAnimationView.swift; sourceTree = "<group>"; };
		FE19AF9D299BDA5A001D2C6E /* StatisticModel.swift */ = {isa = PBXFileReference; lastKnownFileType = sourcecode.swift; path = StatisticModel.swift; sourceTree = "<group>"; };
		FE19AFA0299BDBA2001D2C6E /* StatisticView.swift */ = {isa = PBXFileReference; lastKnownFileType = sourcecode.swift; path = StatisticView.swift; sourceTree = "<group>"; };
		FE19AFA2299BDEC8001D2C6E /* HomeStatsView.swift */ = {isa = PBXFileReference; lastKnownFileType = sourcecode.swift; path = HomeStatsView.swift; sourceTree = "<group>"; };
		FE2193DF2995358D0040529D /* CoinRowView.swift */ = {isa = PBXFileReference; lastKnownFileType = sourcecode.swift; path = CoinRowView.swift; sourceTree = "<group>"; };
		FE2193E1299535EB0040529D /* PreviewProvider.swift */ = {isa = PBXFileReference; lastKnownFileType = sourcecode.swift; path = PreviewProvider.swift; sourceTree = "<group>"; };
		FE2193E329953A9A0040529D /* Double+Extension.swift */ = {isa = PBXFileReference; lastKnownFileType = sourcecode.swift; path = "Double+Extension.swift"; sourceTree = "<group>"; };
		FE2193E5299544220040529D /* HomeViewModel.swift */ = {isa = PBXFileReference; lastKnownFileType = sourcecode.swift; path = HomeViewModel.swift; sourceTree = "<group>"; };
		FE233357299D2CD100475FED /* MarketDataModel.swift */ = {isa = PBXFileReference; lastKnownFileType = sourcecode.swift; path = MarketDataModel.swift; sourceTree = "<group>"; };
		FE233359299E833F00475FED /* MarketDataService.swift */ = {isa = PBXFileReference; lastKnownFileType = sourcecode.swift; path = MarketDataService.swift; sourceTree = "<group>"; };
		FE25806329A6583200623F30 /* PortfolioContainer.xcdatamodel */ = {isa = PBXFileReference; lastKnownFileType = wrapper.xcdatamodel; path = PortfolioContainer.xcdatamodel; sourceTree = "<group>"; };
		FE25806529A658C300623F30 /* PortfolioDataService.swift */ = {isa = PBXFileReference; lastKnownFileType = sourcecode.swift; path = PortfolioDataService.swift; sourceTree = "<group>"; };
		FE31F8FD29A3BE3000CEC99D /* PortfolioView.swift */ = {isa = PBXFileReference; lastKnownFileType = sourcecode.swift; path = PortfolioView.swift; sourceTree = "<group>"; };
		FE31F8FF29A3C06C00CEC99D /* XMarkButton.swift */ = {isa = PBXFileReference; lastKnownFileType = sourcecode.swift; path = XMarkButton.swift; sourceTree = "<group>"; };
		FE31F90129A3C3EA00CEC99D /* CoinLogoView.swift */ = {isa = PBXFileReference; lastKnownFileType = sourcecode.swift; path = CoinLogoView.swift; sourceTree = "<group>"; };
		FE5B401B299937AE00284F7E /* CoinDataService.swift */ = {isa = PBXFileReference; lastKnownFileType = sourcecode.swift; path = CoinDataService.swift; sourceTree = "<group>"; };
		FE5B401E2999425A00284F7E /* NetworkingManager.swift */ = {isa = PBXFileReference; lastKnownFileType = sourcecode.swift; path = NetworkingManager.swift; sourceTree = "<group>"; };
		FE5B4021299947D400284F7E /* CoinImageView.swift */ = {isa = PBXFileReference; lastKnownFileType = sourcecode.swift; path = CoinImageView.swift; sourceTree = "<group>"; };
		FE5B40232999496300284F7E /* CoinImageService.swift */ = {isa = PBXFileReference; lastKnownFileType = sourcecode.swift; path = CoinImageService.swift; sourceTree = "<group>"; };
		FE5B402529994B7E00284F7E /* CoinImageViewModel.swift */ = {isa = PBXFileReference; lastKnownFileType = sourcecode.swift; path = CoinImageViewModel.swift; sourceTree = "<group>"; };
		FE5BDF4329B637DF00BFC692 /* ChartView.swift */ = {isa = PBXFileReference; lastKnownFileType = sourcecode.swift; path = ChartView.swift; sourceTree = "<group>"; };
		FE72199029ACFD4300544360 /* CoinDetailModel.swift */ = {isa = PBXFileReference; lastKnownFileType = sourcecode.swift; path = CoinDetailModel.swift; sourceTree = "<group>"; };
		FE72199229ACFDB400544360 /* DetailViewModel.swift */ = {isa = PBXFileReference; lastKnownFileType = sourcecode.swift; path = DetailViewModel.swift; sourceTree = "<group>"; };
		FE72199429ACFDE900544360 /* CoinDetailDataService.swift */ = {isa = PBXFileReference; lastKnownFileType = sourcecode.swift; path = CoinDetailDataService.swift; sourceTree = "<group>"; };
		FEB9537E2993E46600EED741 /* CoinModel.swift */ = {isa = PBXFileReference; lastKnownFileType = sourcecode.swift; path = CoinModel.swift; sourceTree = "<group>"; };
		FEBADA4F299A85DD0028DB0C /* LocalFileManager.swift */ = {isa = PBXFileReference; lastKnownFileType = sourcecode.swift; path = LocalFileManager.swift; sourceTree = "<group>"; };
		FEBADA51299A8CF70028DB0C /* SearchBarView.swift */ = {isa = PBXFileReference; lastKnownFileType = sourcecode.swift; path = SearchBarView.swift; sourceTree = "<group>"; };
		FEBADA53299A91190028DB0C /* UIApllication+Extenstion.swift */ = {isa = PBXFileReference; lastKnownFileType = sourcecode.swift; path = "UIApllication+Extenstion.swift"; sourceTree = "<group>"; };
		FECBCDFD29C0C034009A3291 /* Date+Extension.swift */ = {isa = PBXFileReference; lastKnownFileType = sourcecode.swift; path = "Date+Extension.swift"; sourceTree = "<group>"; };
		FECBCDFF29C0C873009A3291 /* String+Extension.swift */ = {isa = PBXFileReference; lastKnownFileType = sourcecode.swift; path = "String+Extension.swift"; sourceTree = "<group>"; };
/* End PBXFileReference section */

/* Begin PBXFrameworksBuildPhase section */
		FE176512299149AE00CC2B11 /* Frameworks */ = {
			isa = PBXFrameworksBuildPhase;
			buildActionMask = 2147483647;
			files = (
			);
			runOnlyForDeploymentPostprocessing = 0;
		};
/* End PBXFrameworksBuildPhase section */

/* Begin PBXGroup section */
		FE155F2D29ABA347008E0A43 /* Detail */ = {
			isa = PBXGroup;
			children = (
				FE155F2F29ABA35F008E0A43 /* Views */,
				FE155F2E29ABA357008E0A43 /* ViewModels */,
			);
			path = Detail;
			sourceTree = "<group>";
		};
		FE155F2E29ABA357008E0A43 /* ViewModels */ = {
			isa = PBXGroup;
			children = (
				FE72199229ACFDB400544360 /* DetailViewModel.swift */,
			);
			path = ViewModels;
			sourceTree = "<group>";
		};
		FE155F2F29ABA35F008E0A43 /* Views */ = {
			isa = PBXGroup;
			children = (
				FE155F3029ABA374008E0A43 /* DetailView.swift */,
				FE5BDF4329B637DF00BFC692 /* ChartView.swift */,
			);
			path = Views;
			sourceTree = "<group>";
		};
		FE17650C299149AE00CC2B11 = {
			isa = PBXGroup;
			children = (
				FE176517299149AE00CC2B11 /* SwiftUICrypto */,
				FE176516299149AE00CC2B11 /* Products */,
			);
			sourceTree = "<group>";
		};
		FE176516299149AE00CC2B11 /* Products */ = {
			isa = PBXGroup;
			children = (
				FE176515299149AE00CC2B11 /* SwiftUICrypto.app */,
			);
			name = Products;
			sourceTree = "<group>";
		};
		FE176517299149AE00CC2B11 /* SwiftUICrypto */ = {
			isa = PBXGroup;
			children = (
				FE5B401D2999423300284F7E /* Utilities */,
				FE17653229914CD800CC2B11 /* Extenstions */,
				FE5B401A2999377D00284F7E /* Services */,
				FEB9537D2993E44200EED741 /* Models */,
				FE17653529929A0A00CC2B11 /* Core */,
				FE176518299149AE00CC2B11 /* SwiftUICryptoApp.swift */,
				FE17651A299149AE00CC2B11 /* ContentView.swift */,
				FE17651C299149B000CC2B11 /* Assets.xcassets */,
				FE17651E299149B000CC2B11 /* Preview Content */,
			);
			path = SwiftUICrypto;
			sourceTree = "<group>";
		};
		FE17651E299149B000CC2B11 /* Preview Content */ = {
			isa = PBXGroup;
			children = (
				FE17651F299149B000CC2B11 /* Preview Assets.xcassets */,
			);
			path = "Preview Content";
			sourceTree = "<group>";
		};
		FE17653229914CD800CC2B11 /* Extenstions */ = {
			isa = PBXGroup;
			children = (
				FE17653329914CF100CC2B11 /* Color+Extenstion.swift */,
				FE2193E1299535EB0040529D /* PreviewProvider.swift */,
				FE2193E329953A9A0040529D /* Double+Extension.swift */,
				FEBADA53299A91190028DB0C /* UIApllication+Extenstion.swift */,
				FECBCDFD29C0C034009A3291 /* Date+Extension.swift */,
				FECBCDFF29C0C873009A3291 /* String+Extension.swift */,
			);
			path = Extenstions;
			sourceTree = "<group>";
		};
		FE17653529929A0A00CC2B11 /* Core */ = {
			isa = PBXGroup;
			children = (
				FE155F2D29ABA347008E0A43 /* Detail */,
				FE17653B29929B2800CC2B11 /* Components */,
				FE17653629929A1A00CC2B11 /* Home */,
			);
			path = Core;
			sourceTree = "<group>";
		};
		FE17653629929A1A00CC2B11 /* Home */ = {
			isa = PBXGroup;
			children = (
				FE17653829929A2D00CC2B11 /* ViewModels */,
				FE17653729929A2800CC2B11 /* Views */,
			);
			path = Home;
			sourceTree = "<group>";
		};
		FE17653729929A2800CC2B11 /* Views */ = {
			isa = PBXGroup;
			children = (
				FE17653929929A4700CC2B11 /* HomeView.swift */,
				FE19AFA2299BDEC8001D2C6E /* HomeStatsView.swift */,
				FE2193DF2995358D0040529D /* CoinRowView.swift */,
				FE31F8FD29A3BE3000CEC99D /* PortfolioView.swift */,
			);
			path = Views;
			sourceTree = "<group>";
		};
		FE17653829929A2D00CC2B11 /* ViewModels */ = {
			isa = PBXGroup;
			children = (
				FE2193E5299544220040529D /* HomeViewModel.swift */,
			);
			path = ViewModels;
			sourceTree = "<group>";
		};
		FE17653B29929B2800CC2B11 /* Components */ = {
			isa = PBXGroup;
			children = (
				FE5B4020299947C500284F7E /* CoinImage */,
				FE17653C29929B7300CC2B11 /* CircleButton */,
				FEBADA51299A8CF70028DB0C /* SearchBarView.swift */,
				FE19AFA0299BDBA2001D2C6E /* StatisticView.swift */,
				FE31F8FF29A3C06C00CEC99D /* XMarkButton.swift */,
			);
			path = Components;
			sourceTree = "<group>";
		};
		FE17653C29929B7300CC2B11 /* CircleButton */ = {
			isa = PBXGroup;
			children = (
				FE17653D29929B8200CC2B11 /* CircleButtonView.swift */,
				FE17653F29929FA000CC2B11 /* CircleButtonAnimationView.swift */,
			);
			path = CircleButton;
			sourceTree = "<group>";
		};
		FE5B401A2999377D00284F7E /* Services */ = {
			isa = PBXGroup;
			children = (
				FE5B401B299937AE00284F7E /* CoinDataService.swift */,
				FE72199429ACFDE900544360 /* CoinDetailDataService.swift */,
				FE5B40232999496300284F7E /* CoinImageService.swift */,
				FE233359299E833F00475FED /* MarketDataService.swift */,
				FE25806529A658C300623F30 /* PortfolioDataService.swift */,
			);
			path = Services;
			sourceTree = "<group>";
		};
		FE5B401D2999423300284F7E /* Utilities */ = {
			isa = PBXGroup;
			children = (
				FE5B401E2999425A00284F7E /* NetworkingManager.swift */,
				FEBADA4F299A85DD0028DB0C /* LocalFileManager.swift */,
				FE155F2B29AB8BF6008E0A43 /* HapticManager.swift */,
			);
			path = Utilities;
			sourceTree = "<group>";
		};
		FE5B4020299947C500284F7E /* CoinImage */ = {
			isa = PBXGroup;
			children = (
				FE5B4021299947D400284F7E /* CoinImageView.swift */,
				FE5B402529994B7E00284F7E /* CoinImageViewModel.swift */,
				FE31F90129A3C3EA00CEC99D /* CoinLogoView.swift */,
			);
			path = CoinImage;
			sourceTree = "<group>";
		};
		FEB9537D2993E44200EED741 /* Models */ = {
			isa = PBXGroup;
			children = (
				FEB9537E2993E46600EED741 /* CoinModel.swift */,
				FE19AF9D299BDA5A001D2C6E /* StatisticModel.swift */,
				FE233357299D2CD100475FED /* MarketDataModel.swift */,
				FE25806229A6583200623F30 /* PortfolioContainer.xcdatamodeld */,
				FE72199029ACFD4300544360 /* CoinDetailModel.swift */,
			);
			path = Models;
			sourceTree = "<group>";
		};
/* End PBXGroup section */

/* Begin PBXNativeTarget section */
		FE176514299149AE00CC2B11 /* SwiftUICrypto */ = {
			isa = PBXNativeTarget;
			buildConfigurationList = FE176523299149B000CC2B11 /* Build configuration list for PBXNativeTarget "SwiftUICrypto" */;
			buildPhases = (
				FE176511299149AE00CC2B11 /* Sources */,
				FE176512299149AE00CC2B11 /* Frameworks */,
				FE176513299149AE00CC2B11 /* Resources */,
			);
			buildRules = (
			);
			dependencies = (
			);
			name = SwiftUICrypto;
			productName = SwiftUICrypto;
			productReference = FE176515299149AE00CC2B11 /* SwiftUICrypto.app */;
			productType = "com.apple.product-type.application";
		};
/* End PBXNativeTarget section */

/* Begin PBXProject section */
		FE17650D299149AE00CC2B11 /* Project object */ = {
			isa = PBXProject;
			attributes = {
				BuildIndependentTargetsInParallel = 1;
				LastSwiftUpdateCheck = 1400;
				LastUpgradeCheck = 1400;
				TargetAttributes = {
					FE176514299149AE00CC2B11 = {
						CreatedOnToolsVersion = 14.0.1;
					};
				};
			};
			buildConfigurationList = FE176510299149AE00CC2B11 /* Build configuration list for PBXProject "SwiftUICrypto" */;
			compatibilityVersion = "Xcode 14.0";
			developmentRegion = en;
			hasScannedForEncodings = 0;
			knownRegions = (
				en,
				Base,
			);
			mainGroup = FE17650C299149AE00CC2B11;
			productRefGroup = FE176516299149AE00CC2B11 /* Products */;
			projectDirPath = "";
			projectRoot = "";
			targets = (
				FE176514299149AE00CC2B11 /* SwiftUICrypto */,
			);
		};
/* End PBXProject section */

/* Begin PBXResourcesBuildPhase section */
		FE176513299149AE00CC2B11 /* Resources */ = {
			isa = PBXResourcesBuildPhase;
			buildActionMask = 2147483647;
			files = (
				FE176520299149B000CC2B11 /* Preview Assets.xcassets in Resources */,
				FE17651D299149B000CC2B11 /* Assets.xcassets in Resources */,
			);
			runOnlyForDeploymentPostprocessing = 0;
		};
/* End PBXResourcesBuildPhase section */

/* Begin PBXSourcesBuildPhase section */
		FE176511299149AE00CC2B11 /* Sources */ = {
			isa = PBXSourcesBuildPhase;
			buildActionMask = 2147483647;
			files = (
				FE25806429A6583200623F30 /* PortfolioContainer.xcdatamodeld in Sources */,
				FE19AF9E299BDA5A001D2C6E /* StatisticModel.swift in Sources */,
				FE5B401C299937AE00284F7E /* CoinDataService.swift in Sources */,
				FE5BDF4429B637DF00BFC692 /* ChartView.swift in Sources */,
				FE2193E02995358D0040529D /* CoinRowView.swift in Sources */,
				FE31F90029A3C06C00CEC99D /* XMarkButton.swift in Sources */,
				FE2193E6299544220040529D /* HomeViewModel.swift in Sources */,
				FECBCDFE29C0C034009A3291 /* Date+Extension.swift in Sources */,
				FE17653429914CF100CC2B11 /* Color+Extenstion.swift in Sources */,
				FEBADA50299A85DD0028DB0C /* LocalFileManager.swift in Sources */,
				FE233358299D2CD100475FED /* MarketDataModel.swift in Sources */,
				FE17653A29929A4700CC2B11 /* HomeView.swift in Sources */,
				FE19AFA1299BDBA2001D2C6E /* StatisticView.swift in Sources */,
				FEBADA54299A91190028DB0C /* UIApllication+Extenstion.swift in Sources */,
				FE5B4022299947D400284F7E /* CoinImageView.swift in Sources */,
				FE17651B299149AE00CC2B11 /* ContentView.swift in Sources */,
				FE17653E29929B8200CC2B11 /* CircleButtonView.swift in Sources */,
				FE176519299149AE00CC2B11 /* SwiftUICryptoApp.swift in Sources */,
				FE155F3129ABA374008E0A43 /* DetailView.swift in Sources */,
				FE155F2C29AB8BF6008E0A43 /* HapticManager.swift in Sources */,
				FEBADA52299A8CF70028DB0C /* SearchBarView.swift in Sources */,
				FE5B401F2999425A00284F7E /* NetworkingManager.swift in Sources */,
				FE31F90229A3C3EA00CEC99D /* CoinLogoView.swift in Sources */,
				FE19AFA3299BDEC8001D2C6E /* HomeStatsView.swift in Sources */,
				FE23335A299E833F00475FED /* MarketDataService.swift in Sources */,
				FE17654029929FA000CC2B11 /* CircleButtonAnimationView.swift in Sources */,
				FE5B402629994B7E00284F7E /* CoinImageViewModel.swift in Sources */,
				FE2193E2299535EB0040529D /* PreviewProvider.swift in Sources */,
				FE31F8FE29A3BE3000CEC99D /* PortfolioView.swift in Sources */,
				FE2193E429953A9A0040529D /* Double+Extension.swift in Sources */,
				FE5B40242999496300284F7E /* CoinImageService.swift in Sources */,
				FE72199129ACFD4300544360 /* CoinDetailModel.swift in Sources */,
				FEB9537F2993E46600EED741 /* CoinModel.swift in Sources */,
				FE72199529ACFDE900544360 /* CoinDetailDataService.swift in Sources */,
				FECBCE0029C0C873009A3291 /* String+Extension.swift in Sources */,
				FE72199329ACFDB400544360 /* DetailViewModel.swift in Sources */,
				FE25806629A658C300623F30 /* PortfolioDataService.swift in Sources */,
			);
			runOnlyForDeploymentPostprocessing = 0;
		};
/* End PBXSourcesBuildPhase section */

/* Begin XCBuildConfiguration section */
		FE176521299149B000CC2B11 /* Debug */ = {
			isa = XCBuildConfiguration;
			buildSettings = {
				ALWAYS_SEARCH_USER_PATHS = NO;
				CLANG_ANALYZER_NONNULL = YES;
				CLANG_ANALYZER_NUMBER_OBJECT_CONVERSION = YES_AGGRESSIVE;
				CLANG_CXX_LANGUAGE_STANDARD = "gnu++20";
				CLANG_ENABLE_MODULES = YES;
				CLANG_ENABLE_OBJC_ARC = YES;
				CLANG_ENABLE_OBJC_WEAK = YES;
				CLANG_WARN_BLOCK_CAPTURE_AUTORELEASING = YES;
				CLANG_WARN_BOOL_CONVERSION = YES;
				CLANG_WARN_COMMA = YES;
				CLANG_WARN_CONSTANT_CONVERSION = YES;
				CLANG_WARN_DEPRECATED_OBJC_IMPLEMENTATIONS = YES;
				CLANG_WARN_DIRECT_OBJC_ISA_USAGE = YES_ERROR;
				CLANG_WARN_DOCUMENTATION_COMMENTS = YES;
				CLANG_WARN_EMPTY_BODY = YES;
				CLANG_WARN_ENUM_CONVERSION = YES;
				CLANG_WARN_INFINITE_RECURSION = YES;
				CLANG_WARN_INT_CONVERSION = YES;
				CLANG_WARN_NON_LITERAL_NULL_CONVERSION = YES;
				CLANG_WARN_OBJC_IMPLICIT_RETAIN_SELF = YES;
				CLANG_WARN_OBJC_LITERAL_CONVERSION = YES;
				CLANG_WARN_OBJC_ROOT_CLASS = YES_ERROR;
				CLANG_WARN_QUOTED_INCLUDE_IN_FRAMEWORK_HEADER = YES;
				CLANG_WARN_RANGE_LOOP_ANALYSIS = YES;
				CLANG_WARN_STRICT_PROTOTYPES = YES;
				CLANG_WARN_SUSPICIOUS_MOVE = YES;
				CLANG_WARN_UNGUARDED_AVAILABILITY = YES_AGGRESSIVE;
				CLANG_WARN_UNREACHABLE_CODE = YES;
				CLANG_WARN__DUPLICATE_METHOD_MATCH = YES;
				COPY_PHASE_STRIP = NO;
				DEBUG_INFORMATION_FORMAT = dwarf;
				ENABLE_STRICT_OBJC_MSGSEND = YES;
				ENABLE_TESTABILITY = YES;
				GCC_C_LANGUAGE_STANDARD = gnu11;
				GCC_DYNAMIC_NO_PIC = NO;
				GCC_NO_COMMON_BLOCKS = YES;
				GCC_OPTIMIZATION_LEVEL = 0;
				GCC_PREPROCESSOR_DEFINITIONS = (
					"DEBUG=1",
					"$(inherited)",
				);
				GCC_WARN_64_TO_32_BIT_CONVERSION = YES;
				GCC_WARN_ABOUT_RETURN_TYPE = YES_ERROR;
				GCC_WARN_UNDECLARED_SELECTOR = YES;
				GCC_WARN_UNINITIALIZED_AUTOS = YES_AGGRESSIVE;
				GCC_WARN_UNUSED_FUNCTION = YES;
				GCC_WARN_UNUSED_VARIABLE = YES;
				IPHONEOS_DEPLOYMENT_TARGET = 16.0;
				MTL_ENABLE_DEBUG_INFO = INCLUDE_SOURCE;
				MTL_FAST_MATH = YES;
				ONLY_ACTIVE_ARCH = YES;
				SDKROOT = iphoneos;
				SWIFT_ACTIVE_COMPILATION_CONDITIONS = DEBUG;
				SWIFT_OPTIMIZATION_LEVEL = "-Onone";
			};
			name = Debug;
		};
		FE176522299149B000CC2B11 /* Release */ = {
			isa = XCBuildConfiguration;
			buildSettings = {
				ALWAYS_SEARCH_USER_PATHS = NO;
				CLANG_ANALYZER_NONNULL = YES;
				CLANG_ANALYZER_NUMBER_OBJECT_CONVERSION = YES_AGGRESSIVE;
				CLANG_CXX_LANGUAGE_STANDARD = "gnu++20";
				CLANG_ENABLE_MODULES = YES;
				CLANG_ENABLE_OBJC_ARC = YES;
				CLANG_ENABLE_OBJC_WEAK = YES;
				CLANG_WARN_BLOCK_CAPTURE_AUTORELEASING = YES;
				CLANG_WARN_BOOL_CONVERSION = YES;
				CLANG_WARN_COMMA = YES;
				CLANG_WARN_CONSTANT_CONVERSION = YES;
				CLANG_WARN_DEPRECATED_OBJC_IMPLEMENTATIONS = YES;
				CLANG_WARN_DIRECT_OBJC_ISA_USAGE = YES_ERROR;
				CLANG_WARN_DOCUMENTATION_COMMENTS = YES;
				CLANG_WARN_EMPTY_BODY = YES;
				CLANG_WARN_ENUM_CONVERSION = YES;
				CLANG_WARN_INFINITE_RECURSION = YES;
				CLANG_WARN_INT_CONVERSION = YES;
				CLANG_WARN_NON_LITERAL_NULL_CONVERSION = YES;
				CLANG_WARN_OBJC_IMPLICIT_RETAIN_SELF = YES;
				CLANG_WARN_OBJC_LITERAL_CONVERSION = YES;
				CLANG_WARN_OBJC_ROOT_CLASS = YES_ERROR;
				CLANG_WARN_QUOTED_INCLUDE_IN_FRAMEWORK_HEADER = YES;
				CLANG_WARN_RANGE_LOOP_ANALYSIS = YES;
				CLANG_WARN_STRICT_PROTOTYPES = YES;
				CLANG_WARN_SUSPICIOUS_MOVE = YES;
				CLANG_WARN_UNGUARDED_AVAILABILITY = YES_AGGRESSIVE;
				CLANG_WARN_UNREACHABLE_CODE = YES;
				CLANG_WARN__DUPLICATE_METHOD_MATCH = YES;
				COPY_PHASE_STRIP = NO;
				DEBUG_INFORMATION_FORMAT = "dwarf-with-dsym";
				ENABLE_NS_ASSERTIONS = NO;
				ENABLE_STRICT_OBJC_MSGSEND = YES;
				GCC_C_LANGUAGE_STANDARD = gnu11;
				GCC_NO_COMMON_BLOCKS = YES;
				GCC_WARN_64_TO_32_BIT_CONVERSION = YES;
				GCC_WARN_ABOUT_RETURN_TYPE = YES_ERROR;
				GCC_WARN_UNDECLARED_SELECTOR = YES;
				GCC_WARN_UNINITIALIZED_AUTOS = YES_AGGRESSIVE;
				GCC_WARN_UNUSED_FUNCTION = YES;
				GCC_WARN_UNUSED_VARIABLE = YES;
				IPHONEOS_DEPLOYMENT_TARGET = 16.0;
				MTL_ENABLE_DEBUG_INFO = NO;
				MTL_FAST_MATH = YES;
				SDKROOT = iphoneos;
				SWIFT_COMPILATION_MODE = wholemodule;
				SWIFT_OPTIMIZATION_LEVEL = "-O";
				VALIDATE_PRODUCT = YES;
			};
			name = Release;
		};
		FE176524299149B000CC2B11 /* Debug */ = {
			isa = XCBuildConfiguration;
			buildSettings = {
				ASSETCATALOG_COMPILER_APPICON_NAME = AppIcon;
				ASSETCATALOG_COMPILER_GLOBAL_ACCENT_COLOR_NAME = AccentColor;
				CODE_SIGN_STYLE = Automatic;
				CURRENT_PROJECT_VERSION = 1;
				DEVELOPMENT_ASSET_PATHS = "\"SwiftUICrypto/Preview Content\"";
				DEVELOPMENT_TEAM = YWSA3TX7T7;
				ENABLE_PREVIEWS = YES;
				GENERATE_INFOPLIST_FILE = YES;
				INFOPLIST_KEY_CFBundleDisplayName = "Crypto Tracker";
				INFOPLIST_KEY_UIApplicationSceneManifest_Generation = YES;
				INFOPLIST_KEY_UIApplicationSupportsIndirectInputEvents = YES;
				INFOPLIST_KEY_UILaunchScreen_Generation = YES;
				INFOPLIST_KEY_UISupportedInterfaceOrientations = UIInterfaceOrientationPortrait;
				LD_RUNPATH_SEARCH_PATHS = (
					"$(inherited)",
					"@executable_path/Frameworks",
				);
				MARKETING_VERSION = 1.0;
				PRODUCT_BUNDLE_IDENTIFIER = com.kobong.SwiftUICrypto;
				PRODUCT_NAME = "$(TARGET_NAME)";
				SUPPORTED_PLATFORMS = "iphoneos iphonesimulator";
				SUPPORTS_MACCATALYST = NO;
				SUPPORTS_MAC_DESIGNED_FOR_IPHONE_IPAD = NO;
				SWIFT_EMIT_LOC_STRINGS = YES;
				SWIFT_VERSION = 5.0;
				TARGETED_DEVICE_FAMILY = "1,2";
			};
			name = Debug;
		};
		FE176525299149B000CC2B11 /* Release */ = {
			isa = XCBuildConfiguration;
			buildSettings = {
				ASSETCATALOG_COMPILER_APPICON_NAME = AppIcon;
				ASSETCATALOG_COMPILER_GLOBAL_ACCENT_COLOR_NAME = AccentColor;
				CODE_SIGN_STYLE = Automatic;
				CURRENT_PROJECT_VERSION = 1;
				DEVELOPMENT_ASSET_PATHS = "\"SwiftUICrypto/Preview Content\"";
				DEVELOPMENT_TEAM = YWSA3TX7T7;
				ENABLE_PREVIEWS = YES;
				GENERATE_INFOPLIST_FILE = YES;
				INFOPLIST_KEY_CFBundleDisplayName = "Crypto Tracker";
				INFOPLIST_KEY_UIApplicationSceneManifest_Generation = YES;
				INFOPLIST_KEY_UIApplicationSupportsIndirectInputEvents = YES;
				INFOPLIST_KEY_UILaunchScreen_Generation = YES;
				INFOPLIST_KEY_UISupportedInterfaceOrientations = UIInterfaceOrientationPortrait;
				LD_RUNPATH_SEARCH_PATHS = (
					"$(inherited)",
					"@executable_path/Frameworks",
				);
				MARKETING_VERSION = 1.0;
				PRODUCT_BUNDLE_IDENTIFIER = com.kobong.SwiftUICrypto;
				PRODUCT_NAME = "$(TARGET_NAME)";
				SUPPORTED_PLATFORMS = "iphoneos iphonesimulator";
				SUPPORTS_MACCATALYST = NO;
				SUPPORTS_MAC_DESIGNED_FOR_IPHONE_IPAD = NO;
				SWIFT_EMIT_LOC_STRINGS = YES;
				SWIFT_VERSION = 5.0;
				TARGETED_DEVICE_FAMILY = "1,2";
			};
			name = Release;
		};
/* End XCBuildConfiguration section */

/* Begin XCConfigurationList section */
		FE176510299149AE00CC2B11 /* Build configuration list for PBXProject "SwiftUICrypto" */ = {
			isa = XCConfigurationList;
			buildConfigurations = (
				FE176521299149B000CC2B11 /* Debug */,
				FE176522299149B000CC2B11 /* Release */,
			);
			defaultConfigurationIsVisible = 0;
			defaultConfigurationName = Release;
		};
		FE176523299149B000CC2B11 /* Build configuration list for PBXNativeTarget "SwiftUICrypto" */ = {
			isa = XCConfigurationList;
			buildConfigurations = (
				FE176524299149B000CC2B11 /* Debug */,
				FE176525299149B000CC2B11 /* Release */,
			);
			defaultConfigurationIsVisible = 0;
			defaultConfigurationName = Release;
		};
/* End XCConfigurationList section */

/* Begin XCVersionGroup section */
		FE25806229A6583200623F30 /* PortfolioContainer.xcdatamodeld */ = {
			isa = XCVersionGroup;
			children = (
				FE25806329A6583200623F30 /* PortfolioContainer.xcdatamodel */,
			);
			currentVersion = FE25806329A6583200623F30 /* PortfolioContainer.xcdatamodel */;
			path = PortfolioContainer.xcdatamodeld;
			sourceTree = "<group>";
			versionGroupType = wrapper.xcdatamodel;
		};
/* End XCVersionGroup section */
	};
	rootObject = FE17650D299149AE00CC2B11 /* Project object */;
}
